// !$*UTF8*$!
{
	archiveVersion = 1;
	classes = {
	};
	objectVersion = 55;
	objects = {

/* Begin PBXBuildFile section */
		01BAB05FA005E9D3AA8697E0 /* LoginView.swift in Sources */ = {isa = PBXBuildFile; fileRef = D4AC4EDEB8F09628412C3FFA /* LoginView.swift */; };
		042155DC53831EC7FC61BF5D /* ArticleCardViewTests.swift in Sources */ = {isa = PBXBuildFile; fileRef = 57A31EFDD95A91480A5907A3 /* ArticleCardViewTests.swift */; };
		05DFE5129A9382F05AAD4A0F /* SplashView.swift in Sources */ = {isa = PBXBuildFile; fileRef = 47AA9B157D520F495E5AA1EF /* SplashView.swift */; };
		09BEAD83B7C998C35B189C4F /* SupabaseArticleAdapter.swift in Sources */ = {isa = PBXBuildFile; fileRef = 8B8C9188EF336D34BB89EE36 /* SupabaseArticleAdapter.swift */; };
		0BB6F2BB1432D2DA8BDB6103 /* SafariView.swift in Sources */ = {isa = PBXBuildFile; fileRef = 90DA53CBC6C4EFBAA745F69F /* SafariView.swift */; };
		0C36F9ADFD4DB0B794F9C085 /* OnboardingView.swift in Sources */ = {isa = PBXBuildFile; fileRef = 5E49311320F5E610ADDDB120 /* OnboardingView.swift */; };
		0D605153EEC2C90E4A0E6C5C /* OnboardingFeature.swift in Sources */ = {isa = PBXBuildFile; fileRef = 93F54DF7DCED80A2596E6F4E /* OnboardingFeature.swift */; };
		1488D0923B78634521B53B5F /* HTTPTestHelpers.swift in Sources */ = {isa = PBXBuildFile; fileRef = 5AA2B5624033D1998914D0CF /* HTTPTestHelpers.swift */; };
		15F7C6EA892E30BD6227421A /* APICollectAdapter.swift in Sources */ = {isa = PBXBuildFile; fileRef = 1C78A6AC2CF221B1E567A348 /* APICollectAdapter.swift */; };
		176B92F7D12AF2A2AE42971A /* SettingsView.swift in Sources */ = {isa = PBXBuildFile; fileRef = 2869495357228CE0C0D76A58 /* SettingsView.swift */; };
		1A1EBB485B73C20C6DD305A7 /* ShimmerView.swift in Sources */ = {isa = PBXBuildFile; fileRef = 78B31361B967638E0B7D4C1D /* ShimmerView.swift */; };
		1B108E65BFCC8A4CACA11AA5 /* ArticleDetailFeatureTests.swift in Sources */ = {isa = PBXBuildFile; fileRef = C00B77130ECC94BD04814CE9 /* ArticleDetailFeatureTests.swift */; };
		1DBF69225BB9FC0D6CE6997E /* APIFavoritesAdapter.swift in Sources */ = {isa = PBXBuildFile; fileRef = 7099B012C0C5456159BE5307 /* APIFavoritesAdapter.swift */; };
		21184645644ECAACBC0CEF51 /* EmptyStateView.swift in Sources */ = {isa = PBXBuildFile; fileRef = 52D74E95DE3C41637A4E23BA /* EmptyStateView.swift */; };
		219DBF917ADE0F2360F837C2 /* TuistBundle+Frank.swift in Sources */ = {isa = PBXBuildFile; fileRef = 310E064F8C1CBC4263855ED6 /* TuistBundle+Frank.swift */; };
		27B2B6733D486AB94E6BB711 /* TagChipView.swift in Sources */ = {isa = PBXBuildFile; fileRef = 765FF6131C6AD6128B0DA0B4 /* TagChipView.swift */; };
		315FB330839E449D23A45881 /* Logger.swift in Sources */ = {isa = PBXBuildFile; fileRef = 0949836956EA8C7AB729B454 /* Logger.swift */; };
		320D44072834AB052F5FA0C2 /* swift-crypto_Crypto.bundle in Dependencies */ = {isa = PBXBuildFile; fileRef = 37670072226AC2A91EA7B29D /* swift-crypto_Crypto.bundle */; };
		381D9CF9DC50EFA6F80F5A09 /* FavoriteItem.swift in Sources */ = {isa = PBXBuildFile; fileRef = 3846B5C60271FB0BAEBE36E9 /* FavoriteItem.swift */; };
		3A40536CBD27C0985CEE46E1 /* AuthPort.swift in Sources */ = {isa = PBXBuildFile; fileRef = 776D5B7E6632A447AF1F435D /* AuthPort.swift */; };
		3B96BA6C0697FF2CC8D53502 /* FeedFeature.swift in Sources */ = {isa = PBXBuildFile; fileRef = 2D9C2BEE2748078EA4D9C314 /* FeedFeature.swift */; };
		3CD2EB50E5DEBCDD5A233A05 /* LoginFlowUITest.swift in Sources */ = {isa = PBXBuildFile; fileRef = EB8DDF05C2814294A438BC72 /* LoginFlowUITest.swift */; };
		3F802F85360BE24F92FF95B9 /* Auth.framework in Frameworks */ = {isa = PBXBuildFile; fileRef = 6AB49EFA38B9EC19ACCFB0D1 /* Auth.framework */; };
		4020195B3F7D2F5B0DFDD8E5 /* AppleSignInHelper.swift in Sources */ = {isa = PBXBuildFile; fileRef = 05A15B55BAA63D4848A0355C /* AppleSignInHelper.swift */; };
		45B19CACED34B6C149CB4230 /* Article.swift in Sources */ = {isa = PBXBuildFile; fileRef = AB571C1F1F7E8867D4716BAA /* Article.swift */; };
		460EB3F0B4244BBE4FAFED61 /* Supabase.framework in Frameworks */ = {isa = PBXBuildFile; fileRef = F105B33D24EF46FFD0CBD474 /* Supabase.framework */; };
		481A70AA2D55FB42E4537F00 /* ProfileAPI.swift in Sources */ = {isa = PBXBuildFile; fileRef = D7265FC0E95D1B5CD5DB920F /* ProfileAPI.swift */; };
		4C9B8533B4796C0CC6F2590E /* FeedFeatureTests.swift in Sources */ = {isa = PBXBuildFile; fileRef = 3C7C7ECAA4959A23C30FF7F6 /* FeedFeatureTests.swift */; };
		4F61ED1423EF0B17A7FEA2B9 /* TagChipBarViewTests.swift in Sources */ = {isa = PBXBuildFile; fileRef = 9158BB4C3B5D449AF950B9CA /* TagChipBarViewTests.swift */; };
		5099A6DD7E98503573859EA1 /* Profile.swift in Sources */ = {isa = PBXBuildFile; fileRef = E3F4D1213640C861090521BE /* Profile.swift */; };
		51BC6552204DAC1A94785C07 /* AppDependencies.swift in Sources */ = {isa = PBXBuildFile; fileRef = 4234165709AECE80445A36D4 /* AppDependencies.swift */; };
		527F34FE6024A28DA5A75CEE /* XCTestDynamicOverlay.framework in Frameworks */ = {isa = PBXBuildFile; fileRef = E8015A7E829FCD30E0F18482 /* XCTestDynamicOverlay.framework */; };
		52DD9C96D32A278DDB993735 /* CrossFeatureFlowUITest.swift in Sources */ = {isa = PBXBuildFile; fileRef = FE4500A81F7D0FCAF50285F6 /* CrossFeatureFlowUITest.swift */; };
		5362080661815BAAE104038B /* TagManagementView.swift in Sources */ = {isa = PBXBuildFile; fileRef = 066C8C806186AFA7AED0388A /* TagManagementView.swift */; };
		5B6B72E4ADCB5684D1B1B5FC /* MockFavoritesAdapter.swift in Sources */ = {isa = PBXBuildFile; fileRef = 84113DC12A87B8BF37D245B8 /* MockFavoritesAdapter.swift */; };
		637962145B103DCA14570A3D /* SupabaseConfig.swift in Sources */ = {isa = PBXBuildFile; fileRef = 3FBC962A1B724B58B707DD59 /* SupabaseConfig.swift */; };
		64845C3A810AB8B5911E87FD /* MockAuthPort.swift in Sources */ = {isa = PBXBuildFile; fileRef = C4D19D7D52140EDDBD5446FB /* MockAuthPort.swift */; };
		66A7F3C8964B89BB7A013073 /* AuthFlowUITest.swift in Sources */ = {isa = PBXBuildFile; fileRef = C096BCCBE247FCB12D3140FB /* AuthFlowUITest.swift */; };
		674C8F17C8D9E39E53A426BE /* SettingsFeature.swift in Sources */ = {isa = PBXBuildFile; fileRef = 732D2C2F99540B8095CC304E /* SettingsFeature.swift */; };
		692906C80B86515B6CF2960B /* ArticleCardView.swift in Sources */ = {isa = PBXBuildFile; fileRef = DAA4C61DF400FCC984E0E407 /* ArticleCardView.swift */; };
		694E4F5066CFEE7116E2F379 /* TuistPlists+Frank.swift in Sources */ = {isa = PBXBuildFile; fileRef = AAFFFD722BFE1D8068F82CBA /* TuistPlists+Frank.swift */; };
		6B7AC349A30C98AC28576721 /* HTTPTypes.framework in Frameworks */ = {isa = PBXBuildFile; fileRef = 78ACB19B20D01B71F42D1516 /* HTTPTypes.framework */; };
		6FBF44F30EDFCD8403D8AAA3 /* MockSummarizePort.swift in Sources */ = {isa = PBXBuildFile; fileRef = 660460EA8592D4950DAA75C5 /* MockSummarizePort.swift */; };
		7314065C4F6F2EF7ACAB6CA8 /* MockArticleAdapter.swift in Sources */ = {isa = PBXBuildFile; fileRef = 446040A4F0FA3C5A5500E67C /* MockArticleAdapter.swift */; };
		733F018EF0344CE55D718426 /* APISummarizeAdapterTests.swift in Sources */ = {isa = PBXBuildFile; fileRef = DB009F3A4E7FD109B1FDA442 /* APISummarizeAdapterTests.swift */; };
		742297D17FE783F794113FDF /* MockArticlePort.swift in Sources */ = {isa = PBXBuildFile; fileRef = FF2F2E636DB425812FD112C1 /* MockArticlePort.swift */; };
		751E1260C333946B79278260 /* Router.swift in Sources */ = {isa = PBXBuildFile; fileRef = FD6338E8603D4CDCE1DA2F9C /* Router.swift */; };
		75C486C6844B432E399C9AF3 /* MockCollectPort.swift in Sources */ = {isa = PBXBuildFile; fileRef = B6E93B93AD191011384FF9EB /* MockCollectPort.swift */; };
		75CAD4C21FA8379DEF6686E5 /* AppDependenciesTests.swift in Sources */ = {isa = PBXBuildFile; fileRef = 43FAB80D5C15DDCF5C41F6D8 /* AppDependenciesTests.swift */; };
		7E42E94FE7DA2A4117BA3A98 /* SummarizePort.swift in Sources */ = {isa = PBXBuildFile; fileRef = E6D8F122DE384BD754AD57FF /* SummarizePort.swift */; };
		80635B5B70FD98A6EF07D4C5 /* Clocks.framework in Frameworks */ = {isa = PBXBuildFile; fileRef = EB0DD21ECF33383D24DB0B37 /* Clocks.framework */; };
		8203E8CD3B8D455325E2B205 /* EmptyStateViewTests.swift in Sources */ = {isa = PBXBuildFile; fileRef = 8429B953E1AB5732169EDA8D /* EmptyStateViewTests.swift */; };
		876239AEBEF44D2D94094AA7 /* FavoritesFeatureTests.swift in Sources */ = {isa = PBXBuildFile; fileRef = C2CB272F0CAA3D170A46D4B6 /* FavoritesFeatureTests.swift */; };
		89105517C9190EABEEB58596 /* MockSummarizeAdapter.swift in Sources */ = {isa = PBXBuildFile; fileRef = 009988E3919D55ECF3941DB7 /* MockSummarizeAdapter.swift */; };
		89866A0548AF16D6F0B43510 /* ArticleDetailFeature.swift in Sources */ = {isa = PBXBuildFile; fileRef = ED671A0ED94834053997DFD6 /* ArticleDetailFeature.swift */; };
		89ECE118B4127333933B8BEC /* Functions.framework in Frameworks */ = {isa = PBXBuildFile; fileRef = B9BF2E25340D6CE132DDBBD4 /* Functions.framework */; };
		8D295DF472EE4D23C74BC20C /* AuthFeature.swift in Sources */ = {isa = PBXBuildFile; fileRef = BD36781A45AF6DB6F8BBA8E1 /* AuthFeature.swift */; };
		8E52AAEDB63027742C029C9B /* FavoritesView.swift in Sources */ = {isa = PBXBuildFile; fileRef = BF38FE942A61107648097352 /* FavoritesView.swift */; };
		91A1BB91D96FD7BED4BAFF17 /* ArticlePort.swift in Sources */ = {isa = PBXBuildFile; fileRef = 51B78558CD59C61117F18399 /* ArticlePort.swift */; };
		932F5AD8F02643F8D985525E /* APITagAdapter.swift in Sources */ = {isa = PBXBuildFile; fileRef = A9683C6B43DA974DCE5DD999 /* APITagAdapter.swift */; };
		9391F18A5EBCADC127D57671 /* Storage.framework in Frameworks */ = {isa = PBXBuildFile; fileRef = 9CF4FFE942B3AA1EC2B85867 /* Storage.framework */; };
		952490C317F0A61668982AA2 /* Realtime.framework in Frameworks */ = {isa = PBXBuildFile; fileRef = 11C45ECAFFD6F6A2076464B3 /* Realtime.framework */; };
		955FFDECCD1BB94A50671F52 /* APITagAdapterTests.swift in Sources */ = {isa = PBXBuildFile; fileRef = 57AF27B9006A98A1914B2CB8 /* APITagAdapterTests.swift */; };
		9EF0F9E11B0DF527B80DFAAD /* EmailSignInSheet.swift in Sources */ = {isa = PBXBuildFile; fileRef = 124E2B48B7127000673DB6AC /* EmailSignInSheet.swift */; };
		A0AB4B1A8CD1C4B0891EAB70 /* OnboardingFeatureTests.swift in Sources */ = {isa = PBXBuildFile; fileRef = 0AE828DEA72FF568B1362F37 /* OnboardingFeatureTests.swift */; };
		A2BCDABAB4CAFFDF7FB3903C /* MockAuthAdapter.swift in Sources */ = {isa = PBXBuildFile; fileRef = E2C4689C15CA8A3617A3DECF /* MockAuthAdapter.swift */; };
		A64392E4FB9F436A5F025192 /* APIArticleAdapterTests.swift in Sources */ = {isa = PBXBuildFile; fileRef = 68C8BDCCAAAFEFCDBC52F7E7 /* APIArticleAdapterTests.swift */; };
		A79C8F356CFD54843837C696 /* Secrets.plist in Resources */ = {isa = PBXBuildFile; fileRef = 8834E578EA47B50ECB90514E /* Secrets.plist */; };
		A83783A57E0EA161B735611B /* ArticleFilter.swift in Sources */ = {isa = PBXBuildFile; fileRef = E910979DCC81EFEA39CBEAFD /* ArticleFilter.swift */; };
		A99108074AA47CBF225BC750 /* FavoritesFeature.swift in Sources */ = {isa = PBXBuildFile; fileRef = B10D51C59707578584F5B2F6 /* FavoritesFeature.swift */; };
		AA77F209B1012A5DEF6EF605 /* SummaryResult.swift in Sources */ = {isa = PBXBuildFile; fileRef = 4CD69062BF78A6FC3A318ED0 /* SummaryResult.swift */; };
		B0F8289F3E132CE277D4E8AC /* ProfileAPITests.swift in Sources */ = {isa = PBXBuildFile; fileRef = B705CC844472B4768A163478 /* ProfileAPITests.swift */; };
		B2C86CAE052B78BCFAB822E9 /* ServerConfig.swift in Sources */ = {isa = PBXBuildFile; fileRef = CEE154518AA51FED7C3CB72B /* ServerConfig.swift */; };
		B78E36AC158110DDDE250C4E /* SettingsFeatureTests.swift in Sources */ = {isa = PBXBuildFile; fileRef = 4F6D48A16FC2913ABB3FD07D /* SettingsFeatureTests.swift */; };
		B7BDA6546104C807CF303301 /* OnboardingFlowUITest.swift in Sources */ = {isa = PBXBuildFile; fileRef = 9573D714FA626A46DDE59685 /* OnboardingFlowUITest.swift */; };
		B8E3D39C4ED987B36A1371E3 /* IssueReportingPackageSupport.framework in Frameworks */ = {isa = PBXBuildFile; fileRef = F9DFAAB732849E70B2B05605 /* IssueReportingPackageSupport.framework */; };
		B9F9F2EB75367AF82A357583 /* MockTagPort.swift in Sources */ = {isa = PBXBuildFile; fileRef = EE4527C03F473DDEDFA17A0C /* MockTagPort.swift */; };
		BC396954C2A50980DA1D2953 /* APISummarizeAdapter.swift in Sources */ = {isa = PBXBuildFile; fileRef = 720DC18823D55953B383CABF /* APISummarizeAdapter.swift */; };
		BC690A7AACBE0A5ED04A3815 /* RouterTests.swift in Sources */ = {isa = PBXBuildFile; fileRef = 79D5C79E85E0034E9700F2DB /* RouterTests.swift */; };
		BE863DA44F1CB23713EE5649 /* FrankApp.swift in Sources */ = {isa = PBXBuildFile; fileRef = 0E41A573F70F7A499D18F60A /* FrankApp.swift */; };
		BF8E6BE0CECB5988AB3EA764 /* Crypto.framework in Frameworks */ = {isa = PBXBuildFile; fileRef = D83742F9EF70BD08019DDD1E /* Crypto.framework */; };
		CD80168134E01043A80F46BD /* IssueReporting.framework in Frameworks */ = {isa = PBXBuildFile; fileRef = 0ECBFBE799EA638B2E86BD32 /* IssueReporting.framework */; };
		CDA10EF1285D69763859FC3F /* Tag.swift in Sources */ = {isa = PBXBuildFile; fileRef = 6B1C4F1BD1C7B5D286598FBE /* Tag.swift */; };
		D1ABA765CC9AA8817F7B2B04 /* MockURLProtocol.swift in Sources */ = {isa = PBXBuildFile; fileRef = 3C41D90528F43223915F446B /* MockURLProtocol.swift */; };
		D48435F7B072FA9C70833FB7 /* TagChipBarView.swift in Sources */ = {isa = PBXBuildFile; fileRef = 7D9496C483F9E9D113A3A134 /* TagChipBarView.swift */; };
		D59B52177ABC739480991469 /* PortContractTests.swift in Sources */ = {isa = PBXBuildFile; fileRef = EEC784286BBC209A404AB018 /* PortContractTests.swift */; };
		D5F057949A5571E2210F3249 /* MockFixtures.swift in Sources */ = {isa = PBXBuildFile; fileRef = 12E7761FF75A3377EF8D821C /* MockFixtures.swift */; };
		D67F94F76A3F1C7FF5365670 /* FavoritesPort.swift in Sources */ = {isa = PBXBuildFile; fileRef = CD0D171577CFA11B9845E3F0 /* FavoritesPort.swift */; };
		D683287CA6629FDFE1C66DD6 /* AppleSignInHelperTests.swift in Sources */ = {isa = PBXBuildFile; fileRef = 9EDBC1042DA502AA7D20D7D7 /* AppleSignInHelperTests.swift */; };
		D8F6E0EA0ECA0820ED120A65 /* CollectPort.swift in Sources */ = {isa = PBXBuildFile; fileRef = FCECD344DC6F839CF9A42C87 /* CollectPort.swift */; };
		DBF6F8BF5CB7CC94961AAC3E /* MockTagAdapter.swift in Sources */ = {isa = PBXBuildFile; fileRef = BE18C30FA4C00548C0738301 /* MockTagAdapter.swift */; };
		DBF91D58C91370D2108AC200 /* TagPort.swift in Sources */ = {isa = PBXBuildFile; fileRef = 9D056DE8B30EF660F5AA41E4 /* TagPort.swift */; };
		E13A6B3587F8F45A013D3BEF /* MockCollectAdapter.swift in Sources */ = {isa = PBXBuildFile; fileRef = B8C79FF8A647953DC0442911 /* MockCollectAdapter.swift */; };
		E305ED7371C5459D0FA93AE6 /* SupabaseAuthAdapter.swift in Sources */ = {isa = PBXBuildFile; fileRef = BAC60D4EA727E7864817E811 /* SupabaseAuthAdapter.swift */; };
		E7FC87E933151795ACF4ACF4 /* swift-crypto_Crypto.bundle in Resources */ = {isa = PBXBuildFile; fileRef = 37670072226AC2A91EA7B29D /* swift-crypto_Crypto.bundle */; };
		EEA26527AD4BDA0077F02385 /* ConcurrencyExtras.framework in Frameworks */ = {isa = PBXBuildFile; fileRef = 7D6276E6E0B9671FF485B31D /* ConcurrencyExtras.framework */; };
		EF35D89DB6C8FED572946AFA /* ArticleDetailView.swift in Sources */ = {isa = PBXBuildFile; fileRef = 422E0913EBB2C180FD1E036F /* ArticleDetailView.swift */; };
		F0793185012593295E59B9E8 /* MockFavoritesPort.swift in Sources */ = {isa = PBXBuildFile; fileRef = 97D2F20BEC9CED65537E2308 /* MockFavoritesPort.swift */; };
		F177587426E214F0D1BBD747 /* AuthFeatureTests.swift in Sources */ = {isa = PBXBuildFile; fileRef = AD78FFC05481C8B83E3B3F71 /* AuthFeatureTests.swift */; };
		F492CB4F904D0DFEA288DCA5 /* PostgREST.framework in Frameworks */ = {isa = PBXBuildFile; fileRef = B43318CD695224310C36B89D /* PostgREST.framework */; };
		F4D869C143D4AAAAB0CC015B /* APIArticleAdapter.swift in Sources */ = {isa = PBXBuildFile; fileRef = 2E263E898F6D5800C26DF0E6 /* APIArticleAdapter.swift */; };
		F61A117B318AEC21D2D35E01 /* SummarySessionCache.swift in Sources */ = {isa = PBXBuildFile; fileRef = 327690E060C64CDC0FDBEE98 /* SummarySessionCache.swift */; };
		F61B3F00F42CE2041EECD0C9 /* Helpers.framework in Frameworks */ = {isa = PBXBuildFile; fileRef = 453555520004369FD2FDEC52 /* Helpers.framework */; };
		FAC93F707D226D0667A1BAE1 /* FeedView.swift in Sources */ = {isa = PBXBuildFile; fileRef = 63A97D01A3235A7A6B855EFD /* FeedView.swift */; };
		FD799E9E37F4F9C529371701 /* SupabaseTagAdapter.swift in Sources */ = {isa = PBXBuildFile; fileRef = 5275EA43ADDCAF090BC47676 /* SupabaseTagAdapter.swift */; };
/* End PBXBuildFile section */

/* Begin PBXContainerItemProxy section */
		2D54E0800B52E2B6DFF385C7 /* PBXContainerItemProxy */ = {
			isa = PBXContainerItemProxy;
			containerPortal = 7191C25DEDDF59720F1E3809 /* Project object */;
			proxyType = 1;
			remoteGlobalIDString = 4B0F6EDC1F6566D2353D4E6F;
			remoteInfo = Frank;
		};
		F7286A5E60650E5A463ABC45 /* PBXContainerItemProxy */ = {
			isa = PBXContainerItemProxy;
			containerPortal = 7191C25DEDDF59720F1E3809 /* Project object */;
			proxyType = 1;
			remoteGlobalIDString = 4B0F6EDC1F6566D2353D4E6F;
			remoteInfo = Frank;
		};
/* End PBXContainerItemProxy section */

/* Begin PBXCopyFilesBuildPhase section */
		749A4351EC2916DFCAD0308C /* Embed Frameworks */ = {
			isa = PBXCopyFilesBuildPhase;
			buildActionMask = 2147483647;
			dstPath = "";
			dstSubfolderSpec = 10;
			files = (
			);
			name = "Embed Frameworks";
			runOnlyForDeploymentPostprocessing = 0;
		};
		D0F0D5709E78DBE0474D9E7F /* Embed Frameworks */ = {
			isa = PBXCopyFilesBuildPhase;
			buildActionMask = 2147483647;
			dstPath = "";
			dstSubfolderSpec = 10;
			files = (
			);
			name = "Embed Frameworks";
			runOnlyForDeploymentPostprocessing = 0;
		};
		D179C50EA10C79B41BCB03B1 /* Dependencies */ = {
			isa = PBXCopyFilesBuildPhase;
			buildActionMask = 8;
			dstSubfolderSpec = 16;
			files = (
				320D44072834AB052F5FA0C2 /* swift-crypto_Crypto.bundle in Dependencies */,
			);
			name = Dependencies;
			runOnlyForDeploymentPostprocessing = 1;
		};
		E8F82BDA2662954B6CA420FA /* Embed Frameworks */ = {
			isa = PBXCopyFilesBuildPhase;
			buildActionMask = 2147483647;
			dstPath = "";
			dstSubfolderSpec = 10;
			files = (
			);
			name = "Embed Frameworks";
			runOnlyForDeploymentPostprocessing = 0;
		};
/* End PBXCopyFilesBuildPhase section */

/* Begin PBXFileReference section */
		009988E3919D55ECF3941DB7 /* MockSummarizeAdapter.swift */ = {isa = PBXFileReference; lastKnownFileType = sourcecode.swift; path = MockSummarizeAdapter.swift; sourceTree = "<group>"; };
		05A15B55BAA63D4848A0355C /* AppleSignInHelper.swift */ = {isa = PBXFileReference; lastKnownFileType = sourcecode.swift; path = AppleSignInHelper.swift; sourceTree = "<group>"; };
		066C8C806186AFA7AED0388A /* TagManagementView.swift */ = {isa = PBXFileReference; lastKnownFileType = sourcecode.swift; path = TagManagementView.swift; sourceTree = "<group>"; };
		0949836956EA8C7AB729B454 /* Logger.swift */ = {isa = PBXFileReference; lastKnownFileType = sourcecode.swift; path = Logger.swift; sourceTree = "<group>"; };
		0AE828DEA72FF568B1362F37 /* OnboardingFeatureTests.swift */ = {isa = PBXFileReference; lastKnownFileType = sourcecode.swift; path = OnboardingFeatureTests.swift; sourceTree = "<group>"; };
		0E41A573F70F7A499D18F60A /* FrankApp.swift */ = {isa = PBXFileReference; lastKnownFileType = sourcecode.swift; path = FrankApp.swift; sourceTree = "<group>"; };
		0ECBFBE799EA638B2E86BD32 /* IssueReporting.framework */ = {isa = PBXFileReference; explicitFileType = wrapper.framework; includeInIndex = 0; path = IssueReporting.framework; sourceTree = BUILT_PRODUCTS_DIR; };
		11C45ECAFFD6F6A2076464B3 /* Realtime.framework */ = {isa = PBXFileReference; explicitFileType = wrapper.framework; includeInIndex = 0; path = Realtime.framework; sourceTree = BUILT_PRODUCTS_DIR; };
		124E2B48B7127000673DB6AC /* EmailSignInSheet.swift */ = {isa = PBXFileReference; lastKnownFileType = sourcecode.swift; path = EmailSignInSheet.swift; sourceTree = "<group>"; };
		12E7761FF75A3377EF8D821C /* MockFixtures.swift */ = {isa = PBXFileReference; lastKnownFileType = sourcecode.swift; path = MockFixtures.swift; sourceTree = "<group>"; };
		1C78A6AC2CF221B1E567A348 /* APICollectAdapter.swift */ = {isa = PBXFileReference; lastKnownFileType = sourcecode.swift; path = APICollectAdapter.swift; sourceTree = "<group>"; };
		2869495357228CE0C0D76A58 /* SettingsView.swift */ = {isa = PBXFileReference; lastKnownFileType = sourcecode.swift; path = SettingsView.swift; sourceTree = "<group>"; };
		2D9C2BEE2748078EA4D9C314 /* FeedFeature.swift */ = {isa = PBXFileReference; lastKnownFileType = sourcecode.swift; path = FeedFeature.swift; sourceTree = "<group>"; };
		2E263E898F6D5800C26DF0E6 /* APIArticleAdapter.swift */ = {isa = PBXFileReference; lastKnownFileType = sourcecode.swift; path = APIArticleAdapter.swift; sourceTree = "<group>"; };
		310E064F8C1CBC4263855ED6 /* TuistBundle+Frank.swift */ = {isa = PBXFileReference; lastKnownFileType = sourcecode.swift; path = "TuistBundle+Frank.swift"; sourceTree = "<group>"; };
		327690E060C64CDC0FDBEE98 /* SummarySessionCache.swift */ = {isa = PBXFileReference; lastKnownFileType = sourcecode.swift; path = SummarySessionCache.swift; sourceTree = "<group>"; };
		327DA28A100F924D9A073E1F /* FrankUITests-Info.plist */ = {isa = PBXFileReference; lastKnownFileType = text.plist; path = "FrankUITests-Info.plist"; sourceTree = "<group>"; };
		37670072226AC2A91EA7B29D /* swift-crypto_Crypto.bundle */ = {isa = PBXFileReference; explicitFileType = wrapper.cfbundle; includeInIndex = 0; path = "swift-crypto_Crypto.bundle"; sourceTree = BUILT_PRODUCTS_DIR; };
		3846B5C60271FB0BAEBE36E9 /* FavoriteItem.swift */ = {isa = PBXFileReference; lastKnownFileType = sourcecode.swift; path = FavoriteItem.swift; sourceTree = "<group>"; };
		3C41D90528F43223915F446B /* MockURLProtocol.swift */ = {isa = PBXFileReference; lastKnownFileType = sourcecode.swift; path = MockURLProtocol.swift; sourceTree = "<group>"; };
		3C7C7ECAA4959A23C30FF7F6 /* FeedFeatureTests.swift */ = {isa = PBXFileReference; lastKnownFileType = sourcecode.swift; path = FeedFeatureTests.swift; sourceTree = "<group>"; };
		3FBC962A1B724B58B707DD59 /* SupabaseConfig.swift */ = {isa = PBXFileReference; lastKnownFileType = sourcecode.swift; path = SupabaseConfig.swift; sourceTree = "<group>"; };
		422E0913EBB2C180FD1E036F /* ArticleDetailView.swift */ = {isa = PBXFileReference; lastKnownFileType = sourcecode.swift; path = ArticleDetailView.swift; sourceTree = "<group>"; };
		4234165709AECE80445A36D4 /* AppDependencies.swift */ = {isa = PBXFileReference; lastKnownFileType = sourcecode.swift; path = AppDependencies.swift; sourceTree = "<group>"; };
		43FAB80D5C15DDCF5C41F6D8 /* AppDependenciesTests.swift */ = {isa = PBXFileReference; lastKnownFileType = sourcecode.swift; path = AppDependenciesTests.swift; sourceTree = "<group>"; };
		446040A4F0FA3C5A5500E67C /* MockArticleAdapter.swift */ = {isa = PBXFileReference; lastKnownFileType = sourcecode.swift; path = MockArticleAdapter.swift; sourceTree = "<group>"; };
		453555520004369FD2FDEC52 /* Helpers.framework */ = {isa = PBXFileReference; explicitFileType = wrapper.framework; includeInIndex = 0; path = Helpers.framework; sourceTree = BUILT_PRODUCTS_DIR; };
		47AA9B157D520F495E5AA1EF /* SplashView.swift */ = {isa = PBXFileReference; lastKnownFileType = sourcecode.swift; path = SplashView.swift; sourceTree = "<group>"; };
		4CD69062BF78A6FC3A318ED0 /* SummaryResult.swift */ = {isa = PBXFileReference; lastKnownFileType = sourcecode.swift; path = SummaryResult.swift; sourceTree = "<group>"; };
		4F6D48A16FC2913ABB3FD07D /* SettingsFeatureTests.swift */ = {isa = PBXFileReference; lastKnownFileType = sourcecode.swift; path = SettingsFeatureTests.swift; sourceTree = "<group>"; };
		51B78558CD59C61117F18399 /* ArticlePort.swift */ = {isa = PBXFileReference; lastKnownFileType = sourcecode.swift; path = ArticlePort.swift; sourceTree = "<group>"; };
		5275EA43ADDCAF090BC47676 /* SupabaseTagAdapter.swift */ = {isa = PBXFileReference; lastKnownFileType = sourcecode.swift; path = SupabaseTagAdapter.swift; sourceTree = "<group>"; };
		52D74E95DE3C41637A4E23BA /* EmptyStateView.swift */ = {isa = PBXFileReference; lastKnownFileType = sourcecode.swift; path = EmptyStateView.swift; sourceTree = "<group>"; };
		57A31EFDD95A91480A5907A3 /* ArticleCardViewTests.swift */ = {isa = PBXFileReference; lastKnownFileType = sourcecode.swift; path = ArticleCardViewTests.swift; sourceTree = "<group>"; };
		57AF27B9006A98A1914B2CB8 /* APITagAdapterTests.swift */ = {isa = PBXFileReference; lastKnownFileType = sourcecode.swift; path = APITagAdapterTests.swift; sourceTree = "<group>"; };
		5AA2B5624033D1998914D0CF /* HTTPTestHelpers.swift */ = {isa = PBXFileReference; lastKnownFileType = sourcecode.swift; path = HTTPTestHelpers.swift; sourceTree = "<group>"; };
		5E49311320F5E610ADDDB120 /* OnboardingView.swift */ = {isa = PBXFileReference; lastKnownFileType = sourcecode.swift; path = OnboardingView.swift; sourceTree = "<group>"; };
		5F7283E4CAEE1ACCF50173CF /* FrankTests.xctest */ = {isa = PBXFileReference; explicitFileType = wrapper.cfbundle; includeInIndex = 0; path = FrankTests.xctest; sourceTree = BUILT_PRODUCTS_DIR; };
		63A97D01A3235A7A6B855EFD /* FeedView.swift */ = {isa = PBXFileReference; lastKnownFileType = sourcecode.swift; path = FeedView.swift; sourceTree = "<group>"; };
		660460EA8592D4950DAA75C5 /* MockSummarizePort.swift */ = {isa = PBXFileReference; lastKnownFileType = sourcecode.swift; path = MockSummarizePort.swift; sourceTree = "<group>"; };
		68C8BDCCAAAFEFCDBC52F7E7 /* APIArticleAdapterTests.swift */ = {isa = PBXFileReference; lastKnownFileType = sourcecode.swift; path = APIArticleAdapterTests.swift; sourceTree = "<group>"; };
		6AB49EFA38B9EC19ACCFB0D1 /* Auth.framework */ = {isa = PBXFileReference; explicitFileType = wrapper.framework; includeInIndex = 0; path = Auth.framework; sourceTree = BUILT_PRODUCTS_DIR; };
		6B1C4F1BD1C7B5D286598FBE /* Tag.swift */ = {isa = PBXFileReference; lastKnownFileType = sourcecode.swift; path = Tag.swift; sourceTree = "<group>"; };
		7099B012C0C5456159BE5307 /* APIFavoritesAdapter.swift */ = {isa = PBXFileReference; lastKnownFileType = sourcecode.swift; path = APIFavoritesAdapter.swift; sourceTree = "<group>"; };
		720DC18823D55953B383CABF /* APISummarizeAdapter.swift */ = {isa = PBXFileReference; lastKnownFileType = sourcecode.swift; path = APISummarizeAdapter.swift; sourceTree = "<group>"; };
		732D2C2F99540B8095CC304E /* SettingsFeature.swift */ = {isa = PBXFileReference; lastKnownFileType = sourcecode.swift; path = SettingsFeature.swift; sourceTree = "<group>"; };
		765FF6131C6AD6128B0DA0B4 /* TagChipView.swift */ = {isa = PBXFileReference; lastKnownFileType = sourcecode.swift; path = TagChipView.swift; sourceTree = "<group>"; };
		776D5B7E6632A447AF1F435D /* AuthPort.swift */ = {isa = PBXFileReference; lastKnownFileType = sourcecode.swift; path = AuthPort.swift; sourceTree = "<group>"; };
		78ACB19B20D01B71F42D1516 /* HTTPTypes.framework */ = {isa = PBXFileReference; explicitFileType = wrapper.framework; includeInIndex = 0; path = HTTPTypes.framework; sourceTree = BUILT_PRODUCTS_DIR; };
		78B31361B967638E0B7D4C1D /* ShimmerView.swift */ = {isa = PBXFileReference; lastKnownFileType = sourcecode.swift; path = ShimmerView.swift; sourceTree = "<group>"; };
		79D5C79E85E0034E9700F2DB /* RouterTests.swift */ = {isa = PBXFileReference; lastKnownFileType = sourcecode.swift; path = RouterTests.swift; sourceTree = "<group>"; };
		7D6276E6E0B9671FF485B31D /* ConcurrencyExtras.framework */ = {isa = PBXFileReference; explicitFileType = wrapper.framework; includeInIndex = 0; path = ConcurrencyExtras.framework; sourceTree = BUILT_PRODUCTS_DIR; };
		7D9496C483F9E9D113A3A134 /* TagChipBarView.swift */ = {isa = PBXFileReference; lastKnownFileType = sourcecode.swift; path = TagChipBarView.swift; sourceTree = "<group>"; };
		84113DC12A87B8BF37D245B8 /* MockFavoritesAdapter.swift */ = {isa = PBXFileReference; lastKnownFileType = sourcecode.swift; path = MockFavoritesAdapter.swift; sourceTree = "<group>"; };
		8429B953E1AB5732169EDA8D /* EmptyStateViewTests.swift */ = {isa = PBXFileReference; lastKnownFileType = sourcecode.swift; path = EmptyStateViewTests.swift; sourceTree = "<group>"; };
		8834E578EA47B50ECB90514E /* Secrets.plist */ = {isa = PBXFileReference; lastKnownFileType = text.plist; path = Secrets.plist; sourceTree = "<group>"; };
		8B8C9188EF336D34BB89EE36 /* SupabaseArticleAdapter.swift */ = {isa = PBXFileReference; lastKnownFileType = sourcecode.swift; path = SupabaseArticleAdapter.swift; sourceTree = "<group>"; };
		8C3815B1863F12226990863E /* FrankTests-Info.plist */ = {isa = PBXFileReference; lastKnownFileType = text.plist; path = "FrankTests-Info.plist"; sourceTree = "<group>"; };
		90DA53CBC6C4EFBAA745F69F /* SafariView.swift */ = {isa = PBXFileReference; lastKnownFileType = sourcecode.swift; path = SafariView.swift; sourceTree = "<group>"; };
		9158BB4C3B5D449AF950B9CA /* TagChipBarViewTests.swift */ = {isa = PBXFileReference; lastKnownFileType = sourcecode.swift; path = TagChipBarViewTests.swift; sourceTree = "<group>"; };
		93F54DF7DCED80A2596E6F4E /* OnboardingFeature.swift */ = {isa = PBXFileReference; lastKnownFileType = sourcecode.swift; path = OnboardingFeature.swift; sourceTree = "<group>"; };
		9573D714FA626A46DDE59685 /* OnboardingFlowUITest.swift */ = {isa = PBXFileReference; lastKnownFileType = sourcecode.swift; path = OnboardingFlowUITest.swift; sourceTree = "<group>"; };
		963F9203A7A30E9F6845F72A /* Frank.app */ = {isa = PBXFileReference; explicitFileType = wrapper.application; includeInIndex = 0; path = Frank.app; sourceTree = BUILT_PRODUCTS_DIR; };
		97D2F20BEC9CED65537E2308 /* MockFavoritesPort.swift */ = {isa = PBXFileReference; lastKnownFileType = sourcecode.swift; path = MockFavoritesPort.swift; sourceTree = "<group>"; };
		9CF4FFE942B3AA1EC2B85867 /* Storage.framework */ = {isa = PBXFileReference; explicitFileType = wrapper.framework; includeInIndex = 0; path = Storage.framework; sourceTree = BUILT_PRODUCTS_DIR; };
		9D056DE8B30EF660F5AA41E4 /* TagPort.swift */ = {isa = PBXFileReference; lastKnownFileType = sourcecode.swift; path = TagPort.swift; sourceTree = "<group>"; };
		9EDBC1042DA502AA7D20D7D7 /* AppleSignInHelperTests.swift */ = {isa = PBXFileReference; lastKnownFileType = sourcecode.swift; path = AppleSignInHelperTests.swift; sourceTree = "<group>"; };
		A9683C6B43DA974DCE5DD999 /* APITagAdapter.swift */ = {isa = PBXFileReference; lastKnownFileType = sourcecode.swift; path = APITagAdapter.swift; sourceTree = "<group>"; };
		AAFFFD722BFE1D8068F82CBA /* TuistPlists+Frank.swift */ = {isa = PBXFileReference; lastKnownFileType = sourcecode.swift; path = "TuistPlists+Frank.swift"; sourceTree = "<group>"; };
		AB571C1F1F7E8867D4716BAA /* Article.swift */ = {isa = PBXFileReference; lastKnownFileType = sourcecode.swift; path = Article.swift; sourceTree = "<group>"; };
		AD78FFC05481C8B83E3B3F71 /* AuthFeatureTests.swift */ = {isa = PBXFileReference; lastKnownFileType = sourcecode.swift; path = AuthFeatureTests.swift; sourceTree = "<group>"; };
		B10D51C59707578584F5B2F6 /* FavoritesFeature.swift */ = {isa = PBXFileReference; lastKnownFileType = sourcecode.swift; path = FavoritesFeature.swift; sourceTree = "<group>"; };
		B43318CD695224310C36B89D /* PostgREST.framework */ = {isa = PBXFileReference; explicitFileType = wrapper.framework; includeInIndex = 0; path = PostgREST.framework; sourceTree = BUILT_PRODUCTS_DIR; };
		B6E93B93AD191011384FF9EB /* MockCollectPort.swift */ = {isa = PBXFileReference; lastKnownFileType = sourcecode.swift; path = MockCollectPort.swift; sourceTree = "<group>"; };
		B705CC844472B4768A163478 /* ProfileAPITests.swift */ = {isa = PBXFileReference; lastKnownFileType = sourcecode.swift; path = ProfileAPITests.swift; sourceTree = "<group>"; };
		B8C79FF8A647953DC0442911 /* MockCollectAdapter.swift */ = {isa = PBXFileReference; lastKnownFileType = sourcecode.swift; path = MockCollectAdapter.swift; sourceTree = "<group>"; };
		B9BF2E25340D6CE132DDBBD4 /* Functions.framework */ = {isa = PBXFileReference; explicitFileType = wrapper.framework; includeInIndex = 0; path = Functions.framework; sourceTree = BUILT_PRODUCTS_DIR; };
		BAC60D4EA727E7864817E811 /* SupabaseAuthAdapter.swift */ = {isa = PBXFileReference; lastKnownFileType = sourcecode.swift; path = SupabaseAuthAdapter.swift; sourceTree = "<group>"; };
		BB4B63AC00B4396E3AD93726 /* Frank-Info.plist */ = {isa = PBXFileReference; lastKnownFileType = text.plist; path = "Frank-Info.plist"; sourceTree = "<group>"; };
		BD36781A45AF6DB6F8BBA8E1 /* AuthFeature.swift */ = {isa = PBXFileReference; lastKnownFileType = sourcecode.swift; path = AuthFeature.swift; sourceTree = "<group>"; };
		BE18C30FA4C00548C0738301 /* MockTagAdapter.swift */ = {isa = PBXFileReference; lastKnownFileType = sourcecode.swift; path = MockTagAdapter.swift; sourceTree = "<group>"; };
		BF38FE942A61107648097352 /* FavoritesView.swift */ = {isa = PBXFileReference; lastKnownFileType = sourcecode.swift; path = FavoritesView.swift; sourceTree = "<group>"; };
		BFB4CA6BB64EDA69BA80B05B /* Frank.entitlements */ = {isa = PBXFileReference; lastKnownFileType = text.plist.entitlements; path = Frank.entitlements; sourceTree = "<group>"; };
		C00B77130ECC94BD04814CE9 /* ArticleDetailFeatureTests.swift */ = {isa = PBXFileReference; lastKnownFileType = sourcecode.swift; path = ArticleDetailFeatureTests.swift; sourceTree = "<group>"; };
		C096BCCBE247FCB12D3140FB /* AuthFlowUITest.swift */ = {isa = PBXFileReference; lastKnownFileType = sourcecode.swift; path = AuthFlowUITest.swift; sourceTree = "<group>"; };
		C2CB272F0CAA3D170A46D4B6 /* FavoritesFeatureTests.swift */ = {isa = PBXFileReference; lastKnownFileType = sourcecode.swift; path = FavoritesFeatureTests.swift; sourceTree = "<group>"; };
		C2DB80083A3BCDBA77E2A509 /* Config.xcconfig */ = {isa = PBXFileReference; lastKnownFileType = text.xcconfig; path = Config.xcconfig; sourceTree = "<group>"; };
		C4D19D7D52140EDDBD5446FB /* MockAuthPort.swift */ = {isa = PBXFileReference; lastKnownFileType = sourcecode.swift; path = MockAuthPort.swift; sourceTree = "<group>"; };
		CD0D171577CFA11B9845E3F0 /* FavoritesPort.swift */ = {isa = PBXFileReference; lastKnownFileType = sourcecode.swift; path = FavoritesPort.swift; sourceTree = "<group>"; };
		CEE154518AA51FED7C3CB72B /* ServerConfig.swift */ = {isa = PBXFileReference; lastKnownFileType = sourcecode.swift; path = ServerConfig.swift; sourceTree = "<group>"; };
		D4AC4EDEB8F09628412C3FFA /* LoginView.swift */ = {isa = PBXFileReference; lastKnownFileType = sourcecode.swift; path = LoginView.swift; sourceTree = "<group>"; };
		D7265FC0E95D1B5CD5DB920F /* ProfileAPI.swift */ = {isa = PBXFileReference; lastKnownFileType = sourcecode.swift; path = ProfileAPI.swift; sourceTree = "<group>"; };
		D83742F9EF70BD08019DDD1E /* Crypto.framework */ = {isa = PBXFileReference; explicitFileType = wrapper.framework; includeInIndex = 0; path = Crypto.framework; sourceTree = BUILT_PRODUCTS_DIR; };
		DA9F24C8B9D930AAAAC31C39 /* FrankUITests.xctest */ = {isa = PBXFileReference; explicitFileType = wrapper.cfbundle; includeInIndex = 0; path = FrankUITests.xctest; sourceTree = BUILT_PRODUCTS_DIR; };
		DAA4C61DF400FCC984E0E407 /* ArticleCardView.swift */ = {isa = PBXFileReference; lastKnownFileType = sourcecode.swift; path = ArticleCardView.swift; sourceTree = "<group>"; };
		DB009F3A4E7FD109B1FDA442 /* APISummarizeAdapterTests.swift */ = {isa = PBXFileReference; lastKnownFileType = sourcecode.swift; path = APISummarizeAdapterTests.swift; sourceTree = "<group>"; };
		E2C4689C15CA8A3617A3DECF /* MockAuthAdapter.swift */ = {isa = PBXFileReference; lastKnownFileType = sourcecode.swift; path = MockAuthAdapter.swift; sourceTree = "<group>"; };
		E3F4D1213640C861090521BE /* Profile.swift */ = {isa = PBXFileReference; lastKnownFileType = sourcecode.swift; path = Profile.swift; sourceTree = "<group>"; };
		E6D8F122DE384BD754AD57FF /* SummarizePort.swift */ = {isa = PBXFileReference; lastKnownFileType = sourcecode.swift; path = SummarizePort.swift; sourceTree = "<group>"; };
		E8015A7E829FCD30E0F18482 /* XCTestDynamicOverlay.framework */ = {isa = PBXFileReference; explicitFileType = wrapper.framework; includeInIndex = 0; path = XCTestDynamicOverlay.framework; sourceTree = BUILT_PRODUCTS_DIR; };
		E910979DCC81EFEA39CBEAFD /* ArticleFilter.swift */ = {isa = PBXFileReference; lastKnownFileType = sourcecode.swift; path = ArticleFilter.swift; sourceTree = "<group>"; };
		EB0DD21ECF33383D24DB0B37 /* Clocks.framework */ = {isa = PBXFileReference; explicitFileType = wrapper.framework; includeInIndex = 0; path = Clocks.framework; sourceTree = BUILT_PRODUCTS_DIR; };
		EB8DDF05C2814294A438BC72 /* LoginFlowUITest.swift */ = {isa = PBXFileReference; lastKnownFileType = sourcecode.swift; path = LoginFlowUITest.swift; sourceTree = "<group>"; };
		ED671A0ED94834053997DFD6 /* ArticleDetailFeature.swift */ = {isa = PBXFileReference; lastKnownFileType = sourcecode.swift; path = ArticleDetailFeature.swift; sourceTree = "<group>"; };
		EE4527C03F473DDEDFA17A0C /* MockTagPort.swift */ = {isa = PBXFileReference; lastKnownFileType = sourcecode.swift; path = MockTagPort.swift; sourceTree = "<group>"; };
		EEC784286BBC209A404AB018 /* PortContractTests.swift */ = {isa = PBXFileReference; lastKnownFileType = sourcecode.swift; path = PortContractTests.swift; sourceTree = "<group>"; };
		F105B33D24EF46FFD0CBD474 /* Supabase.framework */ = {isa = PBXFileReference; explicitFileType = wrapper.framework; includeInIndex = 0; path = Supabase.framework; sourceTree = BUILT_PRODUCTS_DIR; };
		F9DFAAB732849E70B2B05605 /* IssueReportingPackageSupport.framework */ = {isa = PBXFileReference; explicitFileType = wrapper.framework; includeInIndex = 0; path = IssueReportingPackageSupport.framework; sourceTree = BUILT_PRODUCTS_DIR; };
		FCECD344DC6F839CF9A42C87 /* CollectPort.swift */ = {isa = PBXFileReference; lastKnownFileType = sourcecode.swift; path = CollectPort.swift; sourceTree = "<group>"; };
		FD6338E8603D4CDCE1DA2F9C /* Router.swift */ = {isa = PBXFileReference; lastKnownFileType = sourcecode.swift; path = Router.swift; sourceTree = "<group>"; };
		FE4500A81F7D0FCAF50285F6 /* CrossFeatureFlowUITest.swift */ = {isa = PBXFileReference; lastKnownFileType = sourcecode.swift; path = CrossFeatureFlowUITest.swift; sourceTree = "<group>"; };
		FF2F2E636DB425812FD112C1 /* MockArticlePort.swift */ = {isa = PBXFileReference; lastKnownFileType = sourcecode.swift; path = MockArticlePort.swift; sourceTree = "<group>"; };
/* End PBXFileReference section */

/* Begin PBXFrameworksBuildPhase section */
		0F1DA4EC47CBAAA1E1C7FC7E /* Frameworks */ = {
			isa = PBXFrameworksBuildPhase;
			buildActionMask = 2147483647;
			files = (
				3F802F85360BE24F92FF95B9 /* Auth.framework in Frameworks */,
				80635B5B70FD98A6EF07D4C5 /* Clocks.framework in Frameworks */,
				EEA26527AD4BDA0077F02385 /* ConcurrencyExtras.framework in Frameworks */,
				BF8E6BE0CECB5988AB3EA764 /* Crypto.framework in Frameworks */,
				89ECE118B4127333933B8BEC /* Functions.framework in Frameworks */,
				6B7AC349A30C98AC28576721 /* HTTPTypes.framework in Frameworks */,
				F61B3F00F42CE2041EECD0C9 /* Helpers.framework in Frameworks */,
				CD80168134E01043A80F46BD /* IssueReporting.framework in Frameworks */,
				B8E3D39C4ED987B36A1371E3 /* IssueReportingPackageSupport.framework in Frameworks */,
				F492CB4F904D0DFEA288DCA5 /* PostgREST.framework in Frameworks */,
				952490C317F0A61668982AA2 /* Realtime.framework in Frameworks */,
				9391F18A5EBCADC127D57671 /* Storage.framework in Frameworks */,
				460EB3F0B4244BBE4FAFED61 /* Supabase.framework in Frameworks */,
				527F34FE6024A28DA5A75CEE /* XCTestDynamicOverlay.framework in Frameworks */,
			);
			runOnlyForDeploymentPostprocessing = 0;
		};
		3BE1323142DEC7F3DFF64305 /* Frameworks */ = {
			isa = PBXFrameworksBuildPhase;
			buildActionMask = 2147483647;
			files = (
			);
			runOnlyForDeploymentPostprocessing = 0;
		};
		B40091715D0B8414D47DFC12 /* Frameworks */ = {
			isa = PBXFrameworksBuildPhase;
			buildActionMask = 2147483647;
			files = (
			);
			runOnlyForDeploymentPostprocessing = 0;
		};
/* End PBXFrameworksBuildPhase section */

/* Begin PBXGroup section */
		0373CEEEEE2765A4C24B8C16 /* Features */ = {
			isa = PBXGroup;
			children = (
				4029BE27491D61DDD144966D /* Favorites */,
				43FAB80D5C15DDCF5C41F6D8 /* AppDependenciesTests.swift */,
				9EDBC1042DA502AA7D20D7D7 /* AppleSignInHelperTests.swift */,
				C00B77130ECC94BD04814CE9 /* ArticleDetailFeatureTests.swift */,
				AD78FFC05481C8B83E3B3F71 /* AuthFeatureTests.swift */,
				C096BCCBE247FCB12D3140FB /* AuthFlowUITest.swift */,
				3C7C7ECAA4959A23C30FF7F6 /* FeedFeatureTests.swift */,
				0AE828DEA72FF568B1362F37 /* OnboardingFeatureTests.swift */,
				EEC784286BBC209A404AB018 /* PortContractTests.swift */,
				79D5C79E85E0034E9700F2DB /* RouterTests.swift */,
				4F6D48A16FC2913ABB3FD07D /* SettingsFeatureTests.swift */,
			);
			path = Features;
			sourceTree = "<group>";
		};
		056BCF8DB5944C9830D09B60 /* Core */ = {
			isa = PBXGroup;
			children = (
				AF2B914F363F2F2C1197E8D0 /* Adapters */,
				332A3784AC2B16FDC61C1F1F /* Config */,
				C3286841FE57014515658F80 /* Models */,
				AC6DD78C81256C2531BD5958 /* Ports */,
				0949836956EA8C7AB729B454 /* Logger.swift */,
			);
			path = Core;
			sourceTree = "<group>";
		};
		0E1C22C48D4A390EC7A213E0 /* FrankUITests */ = {
			isa = PBXGroup;
			children = (
				FE4500A81F7D0FCAF50285F6 /* CrossFeatureFlowUITest.swift */,
				EB8DDF05C2814294A438BC72 /* LoginFlowUITest.swift */,
				9573D714FA626A46DDE59685 /* OnboardingFlowUITest.swift */,
			);
			path = FrankUITests;
			sourceTree = "<group>";
		};
		12044A2083708BAA469AA2BE /* Adapters */ = {
			isa = PBXGroup;
			children = (
				68C8BDCCAAAFEFCDBC52F7E7 /* APIArticleAdapterTests.swift */,
				DB009F3A4E7FD109B1FDA442 /* APISummarizeAdapterTests.swift */,
				57AF27B9006A98A1914B2CB8 /* APITagAdapterTests.swift */,
				B705CC844472B4768A163478 /* ProfileAPITests.swift */,
			);
			path = Adapters;
			sourceTree = "<group>";
		};
		2275070C1C36E7C8B583A464 /* Onboarding */ = {
			isa = PBXGroup;
			children = (
				93F54DF7DCED80A2596E6F4E /* OnboardingFeature.swift */,
				5E49311320F5E610ADDDB120 /* OnboardingView.swift */,
			);
			path = Onboarding;
			sourceTree = "<group>";
		};
		2DFF0E19ECD8B376C24A1D45 = {
			isa = PBXGroup;
			children = (
				F24E2D27B8C9E820E21B559D /* Project */,
				4C569306A81CDA5D88BC99A9 /* Products */,
			);
			sourceTree = "<group>";
		};
		332A3784AC2B16FDC61C1F1F /* Config */ = {
			isa = PBXGroup;
			children = (
				CEE154518AA51FED7C3CB72B /* ServerConfig.swift */,
				3FBC962A1B724B58B707DD59 /* SupabaseConfig.swift */,
			);
			path = Config;
			sourceTree = "<group>";
		};
		367060C1B782FAC440A30ACD /* Shimmer */ = {
			isa = PBXGroup;
			children = (
				78B31361B967638E0B7D4C1D /* ShimmerView.swift */,
			);
			path = Shimmer;
			sourceTree = "<group>";
		};
		3C9482DED9DAC6C5B1729F10 /* EmptyState */ = {
			isa = PBXGroup;
			children = (
				52D74E95DE3C41637A4E23BA /* EmptyStateView.swift */,
			);
			path = EmptyState;
			sourceTree = "<group>";
		};
		4029BE27491D61DDD144966D /* Favorites */ = {
			isa = PBXGroup;
			children = (
				C2CB272F0CAA3D170A46D4B6 /* FavoritesFeatureTests.swift */,
			);
			path = Favorites;
			sourceTree = "<group>";
		};
		40B1ED8E5DB4FCEBABE7029E /* App */ = {
			isa = PBXGroup;
			children = (
				4234165709AECE80445A36D4 /* AppDependencies.swift */,
				0E41A573F70F7A499D18F60A /* FrankApp.swift */,
				FD6338E8603D4CDCE1DA2F9C /* Router.swift */,
			);
			path = App;
			sourceTree = "<group>";
		};
		4C569306A81CDA5D88BC99A9 /* Products */ = {
			isa = PBXGroup;
			children = (
				6AB49EFA38B9EC19ACCFB0D1 /* Auth.framework */,
				EB0DD21ECF33383D24DB0B37 /* Clocks.framework */,
				7D6276E6E0B9671FF485B31D /* ConcurrencyExtras.framework */,
				D83742F9EF70BD08019DDD1E /* Crypto.framework */,
				963F9203A7A30E9F6845F72A /* Frank.app */,
				5F7283E4CAEE1ACCF50173CF /* FrankTests.xctest */,
				DA9F24C8B9D930AAAAC31C39 /* FrankUITests.xctest */,
				B9BF2E25340D6CE132DDBBD4 /* Functions.framework */,
				453555520004369FD2FDEC52 /* Helpers.framework */,
				78ACB19B20D01B71F42D1516 /* HTTPTypes.framework */,
				0ECBFBE799EA638B2E86BD32 /* IssueReporting.framework */,
				F9DFAAB732849E70B2B05605 /* IssueReportingPackageSupport.framework */,
				B43318CD695224310C36B89D /* PostgREST.framework */,
				11C45ECAFFD6F6A2076464B3 /* Realtime.framework */,
				9CF4FFE942B3AA1EC2B85867 /* Storage.framework */,
				F105B33D24EF46FFD0CBD474 /* Supabase.framework */,
				37670072226AC2A91EA7B29D /* swift-crypto_Crypto.bundle */,
				E8015A7E829FCD30E0F18482 /* XCTestDynamicOverlay.framework */,
			);
			name = Products;
			sourceTree = "<group>";
		};
		4F5D05AE37FCCE0C71454F18 /* InfoPlists */ = {
			isa = PBXGroup;
			children = (
				BB4B63AC00B4396E3AD93726 /* Frank-Info.plist */,
				8C3815B1863F12226990863E /* FrankTests-Info.plist */,
				327DA28A100F924D9A073E1F /* FrankUITests-Info.plist */,
			);
			path = InfoPlists;
			sourceTree = "<group>";
		};
		555CF2E5EE0D318A6CC5ED3A /* Derived */ = {
			isa = PBXGroup;
			children = (
				4F5D05AE37FCCE0C71454F18 /* InfoPlists */,
				688058C2368340CDBD0AA3E5 /* Sources */,
			);
			path = Derived;
			sourceTree = "<group>";
		};
		618240EF17AECB10175F1D75 /* Feed */ = {
			isa = PBXGroup;
			children = (
				2D9C2BEE2748078EA4D9C314 /* FeedFeature.swift */,
				63A97D01A3235A7A6B855EFD /* FeedView.swift */,
			);
			path = Feed;
			sourceTree = "<group>";
		};
		654D6F68E3A4B414C6FD3C4B /* Favorites */ = {
			isa = PBXGroup;
			children = (
				B10D51C59707578584F5B2F6 /* FavoritesFeature.swift */,
				BF38FE942A61107648097352 /* FavoritesView.swift */,
			);
			path = Favorites;
			sourceTree = "<group>";
		};
		688058C2368340CDBD0AA3E5 /* Sources */ = {
			isa = PBXGroup;
			children = (
				310E064F8C1CBC4263855ED6 /* TuistBundle+Frank.swift */,
				AAFFFD722BFE1D8068F82CBA /* TuistPlists+Frank.swift */,
			);
			path = Sources;
			sourceTree = "<group>";
		};
		6BA1A251E65CCC814B3316D7 /* Auth */ = {
			isa = PBXGroup;
			children = (
				05A15B55BAA63D4848A0355C /* AppleSignInHelper.swift */,
				BD36781A45AF6DB6F8BBA8E1 /* AuthFeature.swift */,
				124E2B48B7127000673DB6AC /* EmailSignInSheet.swift */,
				D4AC4EDEB8F09628412C3FFA /* LoginView.swift */,
				47AA9B157D520F495E5AA1EF /* SplashView.swift */,
			);
			path = Auth;
			sourceTree = "<group>";
		};
		7FBC5FEC9E6769FBE6036CEC /* FrankTests */ = {
			isa = PBXGroup;
			children = (
				12044A2083708BAA469AA2BE /* Adapters */,
				E71A593E10239431ED7C5F4F /* Components */,
				0373CEEEEE2765A4C24B8C16 /* Features */,
				99D6402DBEACFB52FED2A5CB /* Helpers */,
				D1CAAB7CE87844E8990A8A5D /* Mocks */,
			);
			path = FrankTests;
			sourceTree = "<group>";
		};
		8EE41D3BDC90690389516E7E /* Frank */ = {
			isa = PBXGroup;
			children = (
				A9FD9B789EEBB52A722538DB /* Resources */,
				D985DD6C8BA03321A290C9AA /* Sources */,
				BFB4CA6BB64EDA69BA80B05B /* Frank.entitlements */,
			);
			path = Frank;
			sourceTree = "<group>";
		};
		939A9C510981E0A03D9F4123 /* Components */ = {
			isa = PBXGroup;
			children = (
				D82A81B85D6964C01D451A33 /* ArticleCard */,
				3C9482DED9DAC6C5B1729F10 /* EmptyState */,
				367060C1B782FAC440A30ACD /* Shimmer */,
				DED0FEBC0DECA382F8DA0C31 /* TagChipBar */,
				90DA53CBC6C4EFBAA745F69F /* SafariView.swift */,
				765FF6131C6AD6128B0DA0B4 /* TagChipView.swift */,
			);
			path = Components;
			sourceTree = "<group>";
		};
		9830FA8A912D1B93282A572B /* Detail */ = {
			isa = PBXGroup;
			children = (
				ED671A0ED94834053997DFD6 /* ArticleDetailFeature.swift */,
				422E0913EBB2C180FD1E036F /* ArticleDetailView.swift */,
			);
			path = Detail;
			sourceTree = "<group>";
		};
		99D6402DBEACFB52FED2A5CB /* Helpers */ = {
			isa = PBXGroup;
			children = (
				5AA2B5624033D1998914D0CF /* HTTPTestHelpers.swift */,
				3C41D90528F43223915F446B /* MockURLProtocol.swift */,
			);
			path = Helpers;
			sourceTree = "<group>";
		};
		A8CCF2D2A20AF468C85885E0 /* Features */ = {
			isa = PBXGroup;
			children = (
				6BA1A251E65CCC814B3316D7 /* Auth */,
				9830FA8A912D1B93282A572B /* Detail */,
				654D6F68E3A4B414C6FD3C4B /* Favorites */,
				618240EF17AECB10175F1D75 /* Feed */,
				2275070C1C36E7C8B583A464 /* Onboarding */,
				B0D09EA854EEE905DD852A02 /* Settings */,
			);
			path = Features;
			sourceTree = "<group>";
		};
		A9FD9B789EEBB52A722538DB /* Resources */ = {
			isa = PBXGroup;
			children = (
				8834E578EA47B50ECB90514E /* Secrets.plist */,
			);
			path = Resources;
			sourceTree = "<group>";
		};
		AC6DD78C81256C2531BD5958 /* Ports */ = {
			isa = PBXGroup;
			children = (
				51B78558CD59C61117F18399 /* ArticlePort.swift */,
				776D5B7E6632A447AF1F435D /* AuthPort.swift */,
				FCECD344DC6F839CF9A42C87 /* CollectPort.swift */,
				CD0D171577CFA11B9845E3F0 /* FavoritesPort.swift */,
				E6D8F122DE384BD754AD57FF /* SummarizePort.swift */,
				9D056DE8B30EF660F5AA41E4 /* TagPort.swift */,
			);
			path = Ports;
			sourceTree = "<group>";
		};
		AF2B914F363F2F2C1197E8D0 /* Adapters */ = {
			isa = PBXGroup;
			children = (
				2E263E898F6D5800C26DF0E6 /* APIArticleAdapter.swift */,
				1C78A6AC2CF221B1E567A348 /* APICollectAdapter.swift */,
				7099B012C0C5456159BE5307 /* APIFavoritesAdapter.swift */,
				720DC18823D55953B383CABF /* APISummarizeAdapter.swift */,
				A9683C6B43DA974DCE5DD999 /* APITagAdapter.swift */,
				446040A4F0FA3C5A5500E67C /* MockArticleAdapter.swift */,
				E2C4689C15CA8A3617A3DECF /* MockAuthAdapter.swift */,
				B8C79FF8A647953DC0442911 /* MockCollectAdapter.swift */,
				84113DC12A87B8BF37D245B8 /* MockFavoritesAdapter.swift */,
				12E7761FF75A3377EF8D821C /* MockFixtures.swift */,
				009988E3919D55ECF3941DB7 /* MockSummarizeAdapter.swift */,
				BE18C30FA4C00548C0738301 /* MockTagAdapter.swift */,
				D7265FC0E95D1B5CD5DB920F /* ProfileAPI.swift */,
				8B8C9188EF336D34BB89EE36 /* SupabaseArticleAdapter.swift */,
				BAC60D4EA727E7864817E811 /* SupabaseAuthAdapter.swift */,
				5275EA43ADDCAF090BC47676 /* SupabaseTagAdapter.swift */,
			);
			path = Adapters;
			sourceTree = "<group>";
		};
		B0D09EA854EEE905DD852A02 /* Settings */ = {
			isa = PBXGroup;
			children = (
				732D2C2F99540B8095CC304E /* SettingsFeature.swift */,
				2869495357228CE0C0D76A58 /* SettingsView.swift */,
				066C8C806186AFA7AED0388A /* TagManagementView.swift */,
			);
			path = Settings;
			sourceTree = "<group>";
		};
		C3286841FE57014515658F80 /* Models */ = {
			isa = PBXGroup;
			children = (
				AB571C1F1F7E8867D4716BAA /* Article.swift */,
				E910979DCC81EFEA39CBEAFD /* ArticleFilter.swift */,
				3846B5C60271FB0BAEBE36E9 /* FavoriteItem.swift */,
				E3F4D1213640C861090521BE /* Profile.swift */,
				4CD69062BF78A6FC3A318ED0 /* SummaryResult.swift */,
				327690E060C64CDC0FDBEE98 /* SummarySessionCache.swift */,
				6B1C4F1BD1C7B5D286598FBE /* Tag.swift */,
			);
			path = Models;
			sourceTree = "<group>";
		};
		D1CAAB7CE87844E8990A8A5D /* Mocks */ = {
			isa = PBXGroup;
			children = (
				FF2F2E636DB425812FD112C1 /* MockArticlePort.swift */,
				C4D19D7D52140EDDBD5446FB /* MockAuthPort.swift */,
				B6E93B93AD191011384FF9EB /* MockCollectPort.swift */,
				97D2F20BEC9CED65537E2308 /* MockFavoritesPort.swift */,
				660460EA8592D4950DAA75C5 /* MockSummarizePort.swift */,
				EE4527C03F473DDEDFA17A0C /* MockTagPort.swift */,
			);
			path = Mocks;
			sourceTree = "<group>";
		};
		D82A81B85D6964C01D451A33 /* ArticleCard */ = {
			isa = PBXGroup;
			children = (
				DAA4C61DF400FCC984E0E407 /* ArticleCardView.swift */,
			);
			path = ArticleCard;
			sourceTree = "<group>";
		};
		D985DD6C8BA03321A290C9AA /* Sources */ = {
			isa = PBXGroup;
			children = (
				40B1ED8E5DB4FCEBABE7029E /* App */,
				939A9C510981E0A03D9F4123 /* Components */,
				056BCF8DB5944C9830D09B60 /* Core */,
				A8CCF2D2A20AF468C85885E0 /* Features */,
			);
			path = Sources;
			sourceTree = "<group>";
		};
		DED0FEBC0DECA382F8DA0C31 /* TagChipBar */ = {
			isa = PBXGroup;
			children = (
				7D9496C483F9E9D113A3A134 /* TagChipBarView.swift */,
			);
			path = TagChipBar;
			sourceTree = "<group>";
		};
		E71A593E10239431ED7C5F4F /* Components */ = {
			isa = PBXGroup;
			children = (
				57A31EFDD95A91480A5907A3 /* ArticleCardViewTests.swift */,
				8429B953E1AB5732169EDA8D /* EmptyStateViewTests.swift */,
				9158BB4C3B5D449AF950B9CA /* TagChipBarViewTests.swift */,
			);
			path = Components;
			sourceTree = "<group>";
		};
		F24E2D27B8C9E820E21B559D /* Project */ = {
			isa = PBXGroup;
			children = (
				555CF2E5EE0D318A6CC5ED3A /* Derived */,
				8EE41D3BDC90690389516E7E /* Frank */,
				7FBC5FEC9E6769FBE6036CEC /* FrankTests */,
				0E1C22C48D4A390EC7A213E0 /* FrankUITests */,
				C2DB80083A3BCDBA77E2A509 /* Config.xcconfig */,
			);
			name = Project;
			sourceTree = "<group>";
		};
/* End PBXGroup section */

/* Begin PBXNativeTarget section */
		4B0F6EDC1F6566D2353D4E6F /* Frank */ = {
			isa = PBXNativeTarget;
			buildConfigurationList = 837CF14E4B126171BF2965E0 /* Build configuration list for PBXNativeTarget "Frank" */;
			buildPhases = (
				E312B855EF9CFBE56B206946 /* Sources */,
				E5B024BF517918AE1BB1EA03 /* Resources */,
				E8F82BDA2662954B6CA420FA /* Embed Frameworks */,
				0F1DA4EC47CBAAA1E1C7FC7E /* Frameworks */,
				D179C50EA10C79B41BCB03B1 /* Dependencies */,
			);
			buildRules = (
			);
			dependencies = (
			);
			name = Frank;
			packageProductDependencies = (
			);
			productName = Frank;
			productReference = 963F9203A7A30E9F6845F72A /* Frank.app */;
			productType = "com.apple.product-type.application";
		};
		A029C78E8EAC2BFF9DDA8836 /* FrankTests */ = {
			isa = PBXNativeTarget;
			buildConfigurationList = 719D778A1375DB99AB3CA6BA /* Build configuration list for PBXNativeTarget "FrankTests" */;
			buildPhases = (
				CB8286869882E28DAFD36CED /* Sources */,
				611250BFD4F96873F819F7A8 /* Resources */,
				749A4351EC2916DFCAD0308C /* Embed Frameworks */,
				B40091715D0B8414D47DFC12 /* Frameworks */,
			);
			buildRules = (
			);
			dependencies = (
				AD51F13B3518244C765C8193 /* PBXTargetDependency */,
			);
			name = FrankTests;
			packageProductDependencies = (
			);
			productName = FrankTests;
			productReference = 5F7283E4CAEE1ACCF50173CF /* FrankTests.xctest */;
			productType = "com.apple.product-type.bundle.unit-test";
		};
		D502AAFB9584AF7ECCAFFED9 /* FrankUITests */ = {
			isa = PBXNativeTarget;
			buildConfigurationList = DA64009790AC2E3E651C2186 /* Build configuration list for PBXNativeTarget "FrankUITests" */;
			buildPhases = (
				6A0CB2780317A4399CEC4E94 /* Sources */,
				09F94D11204DC8ED3AA2E462 /* Resources */,
				D0F0D5709E78DBE0474D9E7F /* Embed Frameworks */,
				3BE1323142DEC7F3DFF64305 /* Frameworks */,
			);
			buildRules = (
			);
			dependencies = (
				42B72CCFA73DEA5C95DF427C /* PBXTargetDependency */,
			);
			name = FrankUITests;
			packageProductDependencies = (
			);
			productName = FrankUITests;
			productReference = DA9F24C8B9D930AAAAC31C39 /* FrankUITests.xctest */;
			productType = "com.apple.product-type.bundle.ui-testing";
		};
/* End PBXNativeTarget section */

/* Begin PBXProject section */
		7191C25DEDDF59720F1E3809 /* Project object */ = {
			isa = PBXProject;
			attributes = {
				BuildIndependentTargetsInParallel = YES;
				TargetAttributes = {
					A029C78E8EAC2BFF9DDA8836 = {
						TestTargetID = 4B0F6EDC1F6566D2353D4E6F;
					};
					D502AAFB9584AF7ECCAFFED9 = {
						TestTargetID = 4B0F6EDC1F6566D2353D4E6F;
					};
				};
			};
			buildConfigurationList = 80F2AD0CC71D231CD7A32775 /* Build configuration list for PBXProject "Frank" */;
			compatibilityVersion = "Xcode 14.0";
			developmentRegion = en;
			hasScannedForEncodings = 0;
			knownRegions = (
				Base,
				en,
			);
			mainGroup = 2DFF0E19ECD8B376C24A1D45;
			productRefGroup = 4C569306A81CDA5D88BC99A9 /* Products */;
			projectDirPath = "";
			projectRoot = "";
			targets = (
				4B0F6EDC1F6566D2353D4E6F /* Frank */,
				A029C78E8EAC2BFF9DDA8836 /* FrankTests */,
				D502AAFB9584AF7ECCAFFED9 /* FrankUITests */,
			);
		};
/* End PBXProject section */

/* Begin PBXResourcesBuildPhase section */
		09F94D11204DC8ED3AA2E462 /* Resources */ = {
			isa = PBXResourcesBuildPhase;
			buildActionMask = 2147483647;
			files = (
			);
			runOnlyForDeploymentPostprocessing = 0;
		};
		611250BFD4F96873F819F7A8 /* Resources */ = {
			isa = PBXResourcesBuildPhase;
			buildActionMask = 2147483647;
			files = (
			);
			runOnlyForDeploymentPostprocessing = 0;
		};
		E5B024BF517918AE1BB1EA03 /* Resources */ = {
			isa = PBXResourcesBuildPhase;
			buildActionMask = 2147483647;
			files = (
				A79C8F356CFD54843837C696 /* Secrets.plist in Resources */,
				E7FC87E933151795ACF4ACF4 /* swift-crypto_Crypto.bundle in Resources */,
			);
			runOnlyForDeploymentPostprocessing = 0;
		};
/* End PBXResourcesBuildPhase section */

/* Begin PBXSourcesBuildPhase section */
		6A0CB2780317A4399CEC4E94 /* Sources */ = {
			isa = PBXSourcesBuildPhase;
			buildActionMask = 2147483647;
			files = (
				52DD9C96D32A278DDB993735 /* CrossFeatureFlowUITest.swift in Sources */,
				3CD2EB50E5DEBCDD5A233A05 /* LoginFlowUITest.swift in Sources */,
				B7BDA6546104C807CF303301 /* OnboardingFlowUITest.swift in Sources */,
			);
			runOnlyForDeploymentPostprocessing = 0;
		};
		CB8286869882E28DAFD36CED /* Sources */ = {
			isa = PBXSourcesBuildPhase;
			buildActionMask = 2147483647;
			files = (
				A64392E4FB9F436A5F025192 /* APIArticleAdapterTests.swift in Sources */,
				733F018EF0344CE55D718426 /* APISummarizeAdapterTests.swift in Sources */,
				955FFDECCD1BB94A50671F52 /* APITagAdapterTests.swift in Sources */,
				B0F8289F3E132CE277D4E8AC /* ProfileAPITests.swift in Sources */,
				042155DC53831EC7FC61BF5D /* ArticleCardViewTests.swift in Sources */,
				8203E8CD3B8D455325E2B205 /* EmptyStateViewTests.swift in Sources */,
				4F61ED1423EF0B17A7FEA2B9 /* TagChipBarViewTests.swift in Sources */,
				75CAD4C21FA8379DEF6686E5 /* AppDependenciesTests.swift in Sources */,
				D683287CA6629FDFE1C66DD6 /* AppleSignInHelperTests.swift in Sources */,
				1B108E65BFCC8A4CACA11AA5 /* ArticleDetailFeatureTests.swift in Sources */,
				F177587426E214F0D1BBD747 /* AuthFeatureTests.swift in Sources */,
				66A7F3C8964B89BB7A013073 /* AuthFlowUITest.swift in Sources */,
				876239AEBEF44D2D94094AA7 /* FavoritesFeatureTests.swift in Sources */,
				4C9B8533B4796C0CC6F2590E /* FeedFeatureTests.swift in Sources */,
				A0AB4B1A8CD1C4B0891EAB70 /* OnboardingFeatureTests.swift in Sources */,
				D59B52177ABC739480991469 /* PortContractTests.swift in Sources */,
				BC690A7AACBE0A5ED04A3815 /* RouterTests.swift in Sources */,
				B78E36AC158110DDDE250C4E /* SettingsFeatureTests.swift in Sources */,
				1488D0923B78634521B53B5F /* HTTPTestHelpers.swift in Sources */,
				D1ABA765CC9AA8817F7B2B04 /* MockURLProtocol.swift in Sources */,
				742297D17FE783F794113FDF /* MockArticlePort.swift in Sources */,
				64845C3A810AB8B5911E87FD /* MockAuthPort.swift in Sources */,
				75C486C6844B432E399C9AF3 /* MockCollectPort.swift in Sources */,
				F0793185012593295E59B9E8 /* MockFavoritesPort.swift in Sources */,
				6FBF44F30EDFCD8403D8AAA3 /* MockSummarizePort.swift in Sources */,
				B9F9F2EB75367AF82A357583 /* MockTagPort.swift in Sources */,
			);
			runOnlyForDeploymentPostprocessing = 0;
		};
		E312B855EF9CFBE56B206946 /* Sources */ = {
			isa = PBXSourcesBuildPhase;
			buildActionMask = 2147483647;
			files = (
				219DBF917ADE0F2360F837C2 /* TuistBundle+Frank.swift in Sources */,
				694E4F5066CFEE7116E2F379 /* TuistPlists+Frank.swift in Sources */,
				51BC6552204DAC1A94785C07 /* AppDependencies.swift in Sources */,
				BE863DA44F1CB23713EE5649 /* FrankApp.swift in Sources */,
				751E1260C333946B79278260 /* Router.swift in Sources */,
				692906C80B86515B6CF2960B /* ArticleCardView.swift in Sources */,
				21184645644ECAACBC0CEF51 /* EmptyStateView.swift in Sources */,
				0BB6F2BB1432D2DA8BDB6103 /* SafariView.swift in Sources */,
				1A1EBB485B73C20C6DD305A7 /* ShimmerView.swift in Sources */,
				D48435F7B072FA9C70833FB7 /* TagChipBarView.swift in Sources */,
				27B2B6733D486AB94E6BB711 /* TagChipView.swift in Sources */,
				F4D869C143D4AAAAB0CC015B /* APIArticleAdapter.swift in Sources */,
				15F7C6EA892E30BD6227421A /* APICollectAdapter.swift in Sources */,
				1DBF69225BB9FC0D6CE6997E /* APIFavoritesAdapter.swift in Sources */,
				BC396954C2A50980DA1D2953 /* APISummarizeAdapter.swift in Sources */,
				932F5AD8F02643F8D985525E /* APITagAdapter.swift in Sources */,
				7314065C4F6F2EF7ACAB6CA8 /* MockArticleAdapter.swift in Sources */,
				A2BCDABAB4CAFFDF7FB3903C /* MockAuthAdapter.swift in Sources */,
				E13A6B3587F8F45A013D3BEF /* MockCollectAdapter.swift in Sources */,
				5B6B72E4ADCB5684D1B1B5FC /* MockFavoritesAdapter.swift in Sources */,
				D5F057949A5571E2210F3249 /* MockFixtures.swift in Sources */,
				89105517C9190EABEEB58596 /* MockSummarizeAdapter.swift in Sources */,
				DBF6F8BF5CB7CC94961AAC3E /* MockTagAdapter.swift in Sources */,
				481A70AA2D55FB42E4537F00 /* ProfileAPI.swift in Sources */,
				09BEAD83B7C998C35B189C4F /* SupabaseArticleAdapter.swift in Sources */,
				E305ED7371C5459D0FA93AE6 /* SupabaseAuthAdapter.swift in Sources */,
				FD799E9E37F4F9C529371701 /* SupabaseTagAdapter.swift in Sources */,
				B2C86CAE052B78BCFAB822E9 /* ServerConfig.swift in Sources */,
				637962145B103DCA14570A3D /* SupabaseConfig.swift in Sources */,
				315FB330839E449D23A45881 /* Logger.swift in Sources */,
				45B19CACED34B6C149CB4230 /* Article.swift in Sources */,
				A83783A57E0EA161B735611B /* ArticleFilter.swift in Sources */,
				381D9CF9DC50EFA6F80F5A09 /* FavoriteItem.swift in Sources */,
				5099A6DD7E98503573859EA1 /* Profile.swift in Sources */,
				AA77F209B1012A5DEF6EF605 /* SummaryResult.swift in Sources */,
				F61A117B318AEC21D2D35E01 /* SummarySessionCache.swift in Sources */,
				CDA10EF1285D69763859FC3F /* Tag.swift in Sources */,
				91A1BB91D96FD7BED4BAFF17 /* ArticlePort.swift in Sources */,
				3A40536CBD27C0985CEE46E1 /* AuthPort.swift in Sources */,
				D8F6E0EA0ECA0820ED120A65 /* CollectPort.swift in Sources */,
				D67F94F76A3F1C7FF5365670 /* FavoritesPort.swift in Sources */,
				7E42E94FE7DA2A4117BA3A98 /* SummarizePort.swift in Sources */,
				DBF91D58C91370D2108AC200 /* TagPort.swift in Sources */,
				4020195B3F7D2F5B0DFDD8E5 /* AppleSignInHelper.swift in Sources */,
				8D295DF472EE4D23C74BC20C /* AuthFeature.swift in Sources */,
				9EF0F9E11B0DF527B80DFAAD /* EmailSignInSheet.swift in Sources */,
				01BAB05FA005E9D3AA8697E0 /* LoginView.swift in Sources */,
				05DFE5129A9382F05AAD4A0F /* SplashView.swift in Sources */,
				89866A0548AF16D6F0B43510 /* ArticleDetailFeature.swift in Sources */,
				EF35D89DB6C8FED572946AFA /* ArticleDetailView.swift in Sources */,
				A99108074AA47CBF225BC750 /* FavoritesFeature.swift in Sources */,
				8E52AAEDB63027742C029C9B /* FavoritesView.swift in Sources */,
				3B96BA6C0697FF2CC8D53502 /* FeedFeature.swift in Sources */,
				FAC93F707D226D0667A1BAE1 /* FeedView.swift in Sources */,
				0D605153EEC2C90E4A0E6C5C /* OnboardingFeature.swift in Sources */,
				0C36F9ADFD4DB0B794F9C085 /* OnboardingView.swift in Sources */,
				674C8F17C8D9E39E53A426BE /* SettingsFeature.swift in Sources */,
				176B92F7D12AF2A2AE42971A /* SettingsView.swift in Sources */,
				5362080661815BAAE104038B /* TagManagementView.swift in Sources */,
			);
			runOnlyForDeploymentPostprocessing = 0;
		};
/* End PBXSourcesBuildPhase section */

/* Begin PBXTargetDependency section */
		42B72CCFA73DEA5C95DF427C /* PBXTargetDependency */ = {
			isa = PBXTargetDependency;
			name = Frank;
			target = 4B0F6EDC1F6566D2353D4E6F /* Frank */;
			targetProxy = 2D54E0800B52E2B6DFF385C7 /* PBXContainerItemProxy */;
		};
		AD51F13B3518244C765C8193 /* PBXTargetDependency */ = {
			isa = PBXTargetDependency;
			name = Frank;
			target = 4B0F6EDC1F6566D2353D4E6F /* Frank */;
			targetProxy = F7286A5E60650E5A463ABC45 /* PBXContainerItemProxy */;
		};
/* End PBXTargetDependency section */

/* Begin XCBuildConfiguration section */
		0E2F411CC91D00D8DEDBED78 /* Release */ = {
			isa = XCBuildConfiguration;
			baseConfigurationReference = C2DB80083A3BCDBA77E2A509 /* Config.xcconfig */;
			buildSettings = {
				ASSETCATALOG_COMPILER_APPICON_NAME = AppIcon;
				CODE_SIGN_ENTITLEMENTS = Frank/Frank.entitlements;
				CODE_SIGN_IDENTITY = "iPhone Developer";
				ENABLE_PREVIEWS = YES;
				INFOPLIST_FILE = "Derived/InfoPlists/Frank-Info.plist";
				IPHONEOS_DEPLOYMENT_TARGET = 26.0;
				LD_RUNPATH_SEARCH_PATHS = (
					"$(inherited)",
					"@executable_path/Frameworks",
				);
				PRODUCT_BUNDLE_IDENTIFIER = dev.frank.app;
				PRODUCT_NAME = Frank;
				SDKROOT = iphoneos;
				SUPPORTS_MACCATALYST = NO;
				SUPPORTS_MAC_DESIGNED_FOR_IPHONE_IPAD = YES;
				SUPPORTS_XR_DESIGNED_FOR_IPHONE_IPAD = NO;
				SWIFT_COMPILATION_MODE = wholemodule;
				SWIFT_OPTIMIZATION_LEVEL = "-Owholemodule";
				SWIFT_VERSION = 5.0;
				TARGETED_DEVICE_FAMILY = "1,2";
			};
			name = Release;
		};
		16CD45CFE20AE1381DFF6D4F /* Debug */ = {
			isa = XCBuildConfiguration;
			buildSettings = {
				BUNDLE_LOADER = "$(TEST_HOST)";
				CODE_SIGN_IDENTITY = "iPhone Developer";
				ENABLE_TESTING_SEARCH_PATHS = YES;
				INFOPLIST_FILE = "Derived/InfoPlists/FrankTests-Info.plist";
				IPHONEOS_DEPLOYMENT_TARGET = 26.0;
				LD_RUNPATH_SEARCH_PATHS = (
					"$(inherited)",
					"@executable_path/Frameworks",
					"@loader_path/Frameworks",
				);
				PRODUCT_BUNDLE_IDENTIFIER = dev.frank.app.tests;
				PRODUCT_NAME = FrankTests;
				SDKROOT = iphoneos;
				SUPPORTS_MACCATALYST = NO;
				SUPPORTS_MAC_DESIGNED_FOR_IPHONE_IPAD = YES;
				SUPPORTS_XR_DESIGNED_FOR_IPHONE_IPAD = NO;
				SWIFT_ACTIVE_COMPILATION_CONDITIONS = (
					"$(inherited)",
					DEBUG,
				);
				SWIFT_COMPILATION_MODE = singlefile;
				SWIFT_OPTIMIZATION_LEVEL = "-Onone";
				SWIFT_VERSION = 5.0;
				TARGETED_DEVICE_FAMILY = "1,2";
				TEST_HOST = "$(BUILT_PRODUCTS_DIR)/Frank.app/$(BUNDLE_EXECUTABLE_FOLDER_PATH)/Frank";
				TEST_TARGET_NAME = Frank;
			};
			name = Debug;
		};
		7828CFB3B9712BB054652E20 /* Release */ = {
			isa = XCBuildConfiguration;
			buildSettings = {
				ALWAYS_SEARCH_USER_PATHS = NO;
				CLANG_ANALYZER_LOCALIZABILITY_NONLOCALIZED = YES;
				CLANG_ANALYZER_NONNULL = YES;
				CLANG_ANALYZER_NUMBER_OBJECT_CONVERSION = YES_AGGRESSIVE;
				CLANG_CXX_LANGUAGE_STANDARD = "gnu++14";
				CLANG_CXX_LIBRARY = "libc++";
				CLANG_ENABLE_MODULES = YES;
				CLANG_ENABLE_OBJC_ARC = YES;
				CLANG_ENABLE_OBJC_WEAK = YES;
				CLANG_WARN_BLOCK_CAPTURE_AUTORELEASING = YES;
				CLANG_WARN_BOOL_CONVERSION = YES;
				CLANG_WARN_COMMA = YES;
				CLANG_WARN_CONSTANT_CONVERSION = YES;
				CLANG_WARN_DEPRECATED_OBJC_IMPLEMENTATIONS = YES;
				CLANG_WARN_DIRECT_OBJC_ISA_USAGE = YES_ERROR;
				CLANG_WARN_DOCUMENTATION_COMMENTS = YES;
				CLANG_WARN_EMPTY_BODY = YES;
				CLANG_WARN_ENUM_CONVERSION = YES;
				CLANG_WARN_INFINITE_RECURSION = YES;
				CLANG_WARN_INT_CONVERSION = YES;
				CLANG_WARN_NON_LITERAL_NULL_CONVERSION = YES;
				CLANG_WARN_OBJC_IMPLICIT_RETAIN_SELF = YES;
				CLANG_WARN_OBJC_LITERAL_CONVERSION = YES;
				CLANG_WARN_OBJC_ROOT_CLASS = YES_ERROR;
				CLANG_WARN_QUOTED_INCLUDE_IN_FRAMEWORK_HEADER = YES;
				CLANG_WARN_RANGE_LOOP_ANALYSIS = YES;
				CLANG_WARN_STRICT_PROTOTYPES = YES;
				CLANG_WARN_SUSPICIOUS_MOVE = YES;
				CLANG_WARN_UNGUARDED_AVAILABILITY = YES_AGGRESSIVE;
				CLANG_WARN_UNREACHABLE_CODE = YES;
				CLANG_WARN__DUPLICATE_METHOD_MATCH = YES;
				COPY_PHASE_STRIP = NO;
				DEAD_CODE_STRIPPING = YES;
				DEBUG_INFORMATION_FORMAT = "dwarf-with-dsym";
				ENABLE_NS_ASSERTIONS = NO;
				ENABLE_STRICT_OBJC_MSGSEND = YES;
				GCC_C_LANGUAGE_STANDARD = gnu11;
				GCC_NO_COMMON_BLOCKS = YES;
				GCC_WARN_64_TO_32_BIT_CONVERSION = YES;
				GCC_WARN_ABOUT_RETURN_TYPE = YES_ERROR;
				GCC_WARN_UNDECLARED_SELECTOR = YES;
				GCC_WARN_UNINITIALIZED_AUTOS = YES_AGGRESSIVE;
				GCC_WARN_UNUSED_FUNCTION = YES;
				GCC_WARN_UNUSED_VARIABLE = YES;
				MTL_ENABLE_DEBUG_INFO = NO;
				PRODUCT_NAME = "$(TARGET_NAME)";
				VALIDATE_PRODUCT = YES;
			};
			name = Release;
		};
		A61A3F20A418B4DF5E8BF866 /* Debug */ = {
			isa = XCBuildConfiguration;
			buildSettings = {
				CODE_SIGN_IDENTITY = "iPhone Developer";
				INFOPLIST_FILE = "Derived/InfoPlists/FrankUITests-Info.plist";
				IPHONEOS_DEPLOYMENT_TARGET = 26.0;
				LD_RUNPATH_SEARCH_PATHS = (
					"$(inherited)",
					"@executable_path/Frameworks",
					"@loader_path/Frameworks",
				);
				PRODUCT_BUNDLE_IDENTIFIER = dev.frank.app.uitests;
				PRODUCT_NAME = FrankUITests;
				SDKROOT = iphoneos;
				SUPPORTS_MACCATALYST = NO;
				SUPPORTS_MAC_DESIGNED_FOR_IPHONE_IPAD = YES;
				SUPPORTS_XR_DESIGNED_FOR_IPHONE_IPAD = NO;
				SWIFT_ACTIVE_COMPILATION_CONDITIONS = (
					"$(inherited)",
					DEBUG,
				);
				SWIFT_COMPILATION_MODE = singlefile;
				SWIFT_OPTIMIZATION_LEVEL = "-Onone";
				SWIFT_VERSION = 5.0;
				TARGETED_DEVICE_FAMILY = "1,2";
				TEST_TARGET_NAME = Frank;
			};
			name = Debug;
		};
		BCB279556E62F413DE31458F /* Debug */ = {
			isa = XCBuildConfiguration;
			baseConfigurationReference = C2DB80083A3BCDBA77E2A509 /* Config.xcconfig */;
			buildSettings = {
				ASSETCATALOG_COMPILER_APPICON_NAME = AppIcon;
				CODE_SIGN_ENTITLEMENTS = Frank/Frank.entitlements;
				CODE_SIGN_IDENTITY = "iPhone Developer";
				ENABLE_PREVIEWS = YES;
				INFOPLIST_FILE = "Derived/InfoPlists/Frank-Info.plist";
				IPHONEOS_DEPLOYMENT_TARGET = 26.0;
				LD_RUNPATH_SEARCH_PATHS = (
					"$(inherited)",
					"@executable_path/Frameworks",
				);
				PRODUCT_BUNDLE_IDENTIFIER = dev.frank.app;
				PRODUCT_NAME = Frank;
				SDKROOT = iphoneos;
				SUPPORTS_MACCATALYST = NO;
				SUPPORTS_MAC_DESIGNED_FOR_IPHONE_IPAD = YES;
				SUPPORTS_XR_DESIGNED_FOR_IPHONE_IPAD = NO;
				SWIFT_ACTIVE_COMPILATION_CONDITIONS = (
					"$(inherited)",
					DEBUG,
				);
				SWIFT_COMPILATION_MODE = singlefile;
				SWIFT_OPTIMIZATION_LEVEL = "-Onone";
				SWIFT_VERSION = 5.0;
				TARGETED_DEVICE_FAMILY = "1,2";
			};
			name = Debug;
		};
		C2B7E4947A8F705D46967AAA /* Release */ = {
			isa = XCBuildConfiguration;
			buildSettings = {
				BUNDLE_LOADER = "$(TEST_HOST)";
				CODE_SIGN_IDENTITY = "iPhone Developer";
				ENABLE_TESTING_SEARCH_PATHS = YES;
				INFOPLIST_FILE = "Derived/InfoPlists/FrankTests-Info.plist";
				IPHONEOS_DEPLOYMENT_TARGET = 26.0;
				LD_RUNPATH_SEARCH_PATHS = (
					"$(inherited)",
					"@executable_path/Frameworks",
					"@loader_path/Frameworks",
				);
				PRODUCT_BUNDLE_IDENTIFIER = dev.frank.app.tests;
				PRODUCT_NAME = FrankTests;
				SDKROOT = iphoneos;
				SUPPORTS_MACCATALYST = NO;
				SUPPORTS_MAC_DESIGNED_FOR_IPHONE_IPAD = YES;
				SUPPORTS_XR_DESIGNED_FOR_IPHONE_IPAD = NO;
				SWIFT_COMPILATION_MODE = wholemodule;
				SWIFT_OPTIMIZATION_LEVEL = "-Owholemodule";
				SWIFT_VERSION = 5.0;
				TARGETED_DEVICE_FAMILY = "1,2";
				TEST_HOST = "$(BUILT_PRODUCTS_DIR)/Frank.app/$(BUNDLE_EXECUTABLE_FOLDER_PATH)/Frank";
				TEST_TARGET_NAME = Frank;
			};
			name = Release;
		};
		C9085032184B385B940E977E /* Debug */ = {
			isa = XCBuildConfiguration;
			buildSettings = {
				ALWAYS_SEARCH_USER_PATHS = NO;
				CLANG_ANALYZER_LOCALIZABILITY_NONLOCALIZED = YES;
				CLANG_ANALYZER_NONNULL = YES;
				CLANG_ANALYZER_NUMBER_OBJECT_CONVERSION = YES_AGGRESSIVE;
				CLANG_CXX_LANGUAGE_STANDARD = "gnu++14";
				CLANG_CXX_LIBRARY = "libc++";
				CLANG_ENABLE_MODULES = YES;
				CLANG_ENABLE_OBJC_ARC = YES;
				CLANG_ENABLE_OBJC_WEAK = YES;
				CLANG_WARN_BLOCK_CAPTURE_AUTORELEASING = YES;
				CLANG_WARN_BOOL_CONVERSION = YES;
				CLANG_WARN_COMMA = YES;
				CLANG_WARN_CONSTANT_CONVERSION = YES;
				CLANG_WARN_DEPRECATED_OBJC_IMPLEMENTATIONS = YES;
				CLANG_WARN_DIRECT_OBJC_ISA_USAGE = YES_ERROR;
				CLANG_WARN_DOCUMENTATION_COMMENTS = YES;
				CLANG_WARN_EMPTY_BODY = YES;
				CLANG_WARN_ENUM_CONVERSION = YES;
				CLANG_WARN_INFINITE_RECURSION = YES;
				CLANG_WARN_INT_CONVERSION = YES;
				CLANG_WARN_NON_LITERAL_NULL_CONVERSION = YES;
				CLANG_WARN_OBJC_IMPLICIT_RETAIN_SELF = YES;
				CLANG_WARN_OBJC_LITERAL_CONVERSION = YES;
				CLANG_WARN_OBJC_ROOT_CLASS = YES_ERROR;
				CLANG_WARN_QUOTED_INCLUDE_IN_FRAMEWORK_HEADER = YES;
				CLANG_WARN_RANGE_LOOP_ANALYSIS = YES;
				CLANG_WARN_STRICT_PROTOTYPES = YES;
				CLANG_WARN_SUSPICIOUS_MOVE = YES;
				CLANG_WARN_UNGUARDED_AVAILABILITY = YES_AGGRESSIVE;
				CLANG_WARN_UNREACHABLE_CODE = YES;
				CLANG_WARN__DUPLICATE_METHOD_MATCH = YES;
				COPY_PHASE_STRIP = NO;
				DEAD_CODE_STRIPPING = YES;
				DEBUG_INFORMATION_FORMAT = dwarf;
				ENABLE_STRICT_OBJC_MSGSEND = YES;
				ENABLE_TESTABILITY = YES;
				GCC_C_LANGUAGE_STANDARD = gnu11;
				GCC_DYNAMIC_NO_PIC = NO;
				GCC_NO_COMMON_BLOCKS = YES;
				GCC_OPTIMIZATION_LEVEL = 0;
				GCC_PREPROCESSOR_DEFINITIONS = (
					"DEBUG=1",
					"$(inherited)",
				);
				GCC_WARN_64_TO_32_BIT_CONVERSION = YES;
				GCC_WARN_ABOUT_RETURN_TYPE = YES_ERROR;
				GCC_WARN_UNDECLARED_SELECTOR = YES;
				GCC_WARN_UNINITIALIZED_AUTOS = YES_AGGRESSIVE;
				GCC_WARN_UNUSED_FUNCTION = YES;
				GCC_WARN_UNUSED_VARIABLE = YES;
				MTL_ENABLE_DEBUG_INFO = YES;
				ONLY_ACTIVE_ARCH = YES;
				PRODUCT_NAME = "$(TARGET_NAME)";
			};
			name = Debug;
		};
		EA64E179541F77959DB07D5B /* Release */ = {
			isa = XCBuildConfiguration;
			buildSettings = {
				CODE_SIGN_IDENTITY = "iPhone Developer";
				INFOPLIST_FILE = "Derived/InfoPlists/FrankUITests-Info.plist";
				IPHONEOS_DEPLOYMENT_TARGET = 26.0;
				LD_RUNPATH_SEARCH_PATHS = (
					"$(inherited)",
					"@executable_path/Frameworks",
					"@loader_path/Frameworks",
				);
				PRODUCT_BUNDLE_IDENTIFIER = dev.frank.app.uitests;
				PRODUCT_NAME = FrankUITests;
				SDKROOT = iphoneos;
				SUPPORTS_MACCATALYST = NO;
				SUPPORTS_MAC_DESIGNED_FOR_IPHONE_IPAD = YES;
				SUPPORTS_XR_DESIGNED_FOR_IPHONE_IPAD = NO;
				SWIFT_COMPILATION_MODE = wholemodule;
				SWIFT_OPTIMIZATION_LEVEL = "-Owholemodule";
				SWIFT_VERSION = 5.0;
				TARGETED_DEVICE_FAMILY = "1,2";
				TEST_TARGET_NAME = Frank;
			};
			name = Release;
		};
/* End XCBuildConfiguration section */

/* Begin XCConfigurationList section */
		719D778A1375DB99AB3CA6BA /* Build configuration list for PBXNativeTarget "FrankTests" */ = {
			isa = XCConfigurationList;
			buildConfigurations = (
				16CD45CFE20AE1381DFF6D4F /* Debug */,
				C2B7E4947A8F705D46967AAA /* Release */,
			);
			defaultConfigurationIsVisible = 0;
			defaultConfigurationName = Release;
		};
		80F2AD0CC71D231CD7A32775 /* Build configuration list for PBXProject "Frank" */ = {
			isa = XCConfigurationList;
			buildConfigurations = (
				C9085032184B385B940E977E /* Debug */,
				7828CFB3B9712BB054652E20 /* Release */,
			);
			defaultConfigurationIsVisible = 0;
			defaultConfigurationName = Release;
		};
		837CF14E4B126171BF2965E0 /* Build configuration list for PBXNativeTarget "Frank" */ = {
			isa = XCConfigurationList;
			buildConfigurations = (
				BCB279556E62F413DE31458F /* Debug */,
				0E2F411CC91D00D8DEDBED78 /* Release */,
			);
			defaultConfigurationIsVisible = 0;
			defaultConfigurationName = Release;
		};
		DA64009790AC2E3E651C2186 /* Build configuration list for PBXNativeTarget "FrankUITests" */ = {
			isa = XCConfigurationList;
			buildConfigurations = (
				A61A3F20A418B4DF5E8BF866 /* Debug */,
				EA64E179541F77959DB07D5B /* Release */,
			);
			defaultConfigurationIsVisible = 0;
			defaultConfigurationName = Release;
		};
/* End XCConfigurationList section */
	};
	rootObject = 7191C25DEDDF59720F1E3809 /* Project object */;
}
