<?xml version="1.0" encoding="UTF-8"?>
<Scheme
   LastUpgradeVersion = "1010"
   version = "1.3">
   <BuildAction
      parallelizeBuildables = "YES"
      buildImplicitDependencies = "YES">
      <BuildActionEntries>
         <BuildActionEntry
            buildForTesting = "YES"
            buildForRunning = "YES"
            buildForProfiling = "YES"
            buildForArchiving = "YES"
            buildForAnalyzing = "YES">
            <BuildableReference
               BuildableIdentifier = "primary"
               BlueprintIdentifier = "4D962F34F4D1674437DB86EA"
               BuildableName = "Auth.framework"
               BlueprintName = "Auth"
               ReferencedContainer = "container:Tuist/.build/tuist-derived/Supabase/Supabase.xcodeproj">
            </BuildableReference>
         </BuildActionEntry>
         <BuildActionEntry
            buildForTesting = "YES"
            buildForRunning = "YES"
            buildForProfiling = "YES"
            buildForArchiving = "YES"
            buildForAnalyzing = "YES">
            <BuildableReference
               BuildableIdentifier = "primary"
               BlueprintIdentifier = "A1DFC045089F7370FF821C6F"
               BuildableName = "Clocks.framework"
               BlueprintName = "Clocks"
               ReferencedContainer = "container:Tuist/.build/tuist-derived/swift-clocks/swift-clocks.xcodeproj">
            </BuildableReference>
         </BuildActionEntry>
         <BuildActionEntry
            buildForTesting = "YES"
            buildForRunning = "YES"
            buildForProfiling = "YES"
            buildForArchiving = "YES"
            buildForAnalyzing = "YES">
            <BuildableReference
               BuildableIdentifier = "primary"
               BlueprintIdentifier = "FB5353CF964F76EE56056930"
               BuildableName = "ConcurrencyExtras.framework"
               BlueprintName = "ConcurrencyExtras"
               ReferencedContainer = "container:Tuist/.build/tuist-derived/swift-concurrency-extras/swift-concurrency-extras.xcodeproj">
            </BuildableReference>
         </BuildActionEntry>
         <BuildActionEntry
            buildForTesting = "YES"
            buildForRunning = "YES"
            buildForProfiling = "YES"
            buildForArchiving = "YES"
            buildForAnalyzing = "YES">
            <BuildableReference
               BuildableIdentifier = "primary"
               BlueprintIdentifier = "EFE8F0C7C1D24E25CAA7F815"
               BuildableName = "Crypto.framework"
               BlueprintName = "Crypto"
               ReferencedContainer = "container:Tuist/.build/tuist-derived/swift-crypto/swift-crypto.xcodeproj">
            </BuildableReference>
         </BuildActionEntry>
         <BuildActionEntry
            buildForTesting = "YES"
            buildForRunning = "YES"
            buildForProfiling = "YES"
            buildForArchiving = "YES"
            buildForAnalyzing = "YES">
            <BuildableReference
               BuildableIdentifier = "primary"
               BlueprintIdentifier = "4B0F6EDC1F6566D2353D4E6F"
               BuildableName = "Frank.app"
               BlueprintName = "Frank"
               ReferencedContainer = "container:Frank.xcodeproj">
            </BuildableReference>
         </BuildActionEntry>
         <BuildActionEntry
            buildForTesting = "YES"
            buildForRunning = "YES"
            buildForProfiling = "YES"
            buildForArchiving = "YES"
            buildForAnalyzing = "YES">
            <BuildableReference
               BuildableIdentifier = "primary"
               BlueprintIdentifier = "A029C78E8EAC2BFF9DDA8836"
               BuildableName = "FrankTests.xctest"
               BlueprintName = "FrankTests"
               ReferencedContainer = "container:Frank.xcodeproj">
            </BuildableReference>
         </BuildActionEntry>
         <BuildActionEntry
            buildForTesting = "YES"
            buildForRunning = "YES"
            buildForProfiling = "YES"
            buildForArchiving = "YES"
            buildForAnalyzing = "YES">
            <BuildableReference
               BuildableIdentifier = "primary"
               BlueprintIdentifier = "D502AAFB9584AF7ECCAFFED9"
               BuildableName = "FrankUITests.xctest"
               BlueprintName = "FrankUITests"
               ReferencedContainer = "container:Frank.xcodeproj">
            </BuildableReference>
         </BuildActionEntry>
         <BuildActionEntry
            buildForTesting = "YES"
            buildForRunning = "YES"
            buildForProfiling = "YES"
            buildForArchiving = "YES"
            buildForAnalyzing = "YES">
            <BuildableReference
               BuildableIdentifier = "primary"
               BlueprintIdentifier = "66537B1437625BC59ED5CDB0"
               BuildableName = "Functions.framework"
               BlueprintName = "Functions"
               ReferencedContainer = "container:Tuist/.build/tuist-derived/Supabase/Supabase.xcodeproj">
            </BuildableReference>
         </BuildActionEntry>
         <BuildActionEntry
            buildForTesting = "YES"
            buildForRunning = "YES"
            buildForProfiling = "YES"
            buildForArchiving = "YES"
            buildForAnalyzing = "YES">
            <BuildableReference
               BuildableIdentifier = "primary"
               BlueprintIdentifier = "9636ED511F55237CEB6C6C72"
               BuildableName = "HTTPTypes.framework"
               BlueprintName = "HTTPTypes"
               ReferencedContainer = "container:Tuist/.build/tuist-derived/swift-http-types/swift-http-types.xcodeproj">
            </BuildableReference>
         </BuildActionEntry>
         <BuildActionEntry
            buildForTesting = "YES"
            buildForRunning = "YES"
            buildForProfiling = "YES"
            buildForArchiving = "YES"
            buildForAnalyzing = "YES">
            <BuildableReference
               BuildableIdentifier = "primary"
               BlueprintIdentifier = "91712BE8A995C0B6C2496CD9"
               BuildableName = "Helpers.framework"
               BlueprintName = "Helpers"
               ReferencedContainer = "container:Tuist/.build/tuist-derived/Supabase/Supabase.xcodeproj">
            </BuildableReference>
         </BuildActionEntry>
         <BuildActionEntry
            buildForTesting = "YES"
            buildForRunning = "YES"
            buildForProfiling = "YES"
            buildForArchiving = "YES"
            buildForAnalyzing = "YES">
            <BuildableReference
               BuildableIdentifier = "primary"
               BlueprintIdentifier = "310D0AA95300B4409ADF885D"
               BuildableName = "IssueReporting.framework"
               BlueprintName = "IssueReporting"
               ReferencedContainer = "container:Tuist/.build/tuist-derived/xctest-dynamic-overlay/xctest-dynamic-overlay.xcodeproj">
            </BuildableReference>
         </BuildActionEntry>
         <BuildActionEntry
            buildForTesting = "YES"
            buildForRunning = "YES"
            buildForProfiling = "YES"
            buildForArchiving = "YES"
            buildForAnalyzing = "YES">
            <BuildableReference
               BuildableIdentifier = "primary"
               BlueprintIdentifier = "1918E6267DCA4B8A806076DD"
               BuildableName = "IssueReportingPackageSupport.framework"
               BlueprintName = "IssueReportingPackageSupport"
               ReferencedContainer = "container:Tuist/.build/tuist-derived/xctest-dynamic-overlay/xctest-dynamic-overlay.xcodeproj">
            </BuildableReference>
         </BuildActionEntry>
         <BuildActionEntry
            buildForTesting = "YES"
            buildForRunning = "YES"
            buildForProfiling = "YES"
            buildForArchiving = "YES"
            buildForAnalyzing = "YES">
            <BuildableReference
               BuildableIdentifier = "primary"
               BlueprintIdentifier = "B23FD9A4173BFBC5D74E0207"
               BuildableName = "PostgREST.framework"
               BlueprintName = "PostgREST"
               ReferencedContainer = "container:Tuist/.build/tuist-derived/Supabase/Supabase.xcodeproj">
            </BuildableReference>
         </BuildActionEntry>
         <BuildActionEntry
            buildForTesting = "YES"
            buildForRunning = "YES"
            buildForProfiling = "YES"
            buildForArchiving = "YES"
            buildForAnalyzing = "YES">
            <BuildableReference
               BuildableIdentifier = "primary"
               BlueprintIdentifier = "C4AA4701F8EC11F6EFD3A712"
               BuildableName = "Realtime.framework"
               BlueprintName = "Realtime"
               ReferencedContainer = "container:Tuist/.build/tuist-derived/Supabase/Supabase.xcodeproj">
            </BuildableReference>
         </BuildActionEntry>
         <BuildActionEntry
            buildForTesting = "YES"
            buildForRunning = "YES"
            buildForProfiling = "YES"
            buildForArchiving = "YES"
            buildForAnalyzing = "YES">
            <BuildableReference
               BuildableIdentifier = "primary"
               BlueprintIdentifier = "86C5788074073A97A03386CD"
               BuildableName = "Storage.framework"
               BlueprintName = "Storage"
               ReferencedContainer = "container:Tuist/.build/tuist-derived/Supabase/Supabase.xcodeproj">
            </BuildableReference>
         </BuildActionEntry>
         <BuildActionEntry
            buildForTesting = "YES"
            buildForRunning = "YES"
            buildForProfiling = "YES"
            buildForArchiving = "YES"
            buildForAnalyzing = "YES">
            <BuildableReference
               BuildableIdentifier = "primary"
               BlueprintIdentifier = "D2EB5E97F64D2433C466971F"
               BuildableName = "Supabase.framework"
               BlueprintName = "Supabase"
               ReferencedContainer = "container:Tuist/.build/tuist-derived/Supabase/Supabase.xcodeproj">
            </BuildableReference>
         </BuildActionEntry>
         <BuildActionEntry
            buildForTesting = "YES"
            buildForRunning = "YES"
            buildForProfiling = "YES"
            buildForArchiving = "YES"
            buildForAnalyzing = "YES">
            <BuildableReference
               BuildableIdentifier = "primary"
               BlueprintIdentifier = "6D1BFFAE456610AE81A4206D"
               BuildableName = "XCTestDynamicOverlay.framework"
               BlueprintName = "XCTestDynamicOverlay"
               ReferencedContainer = "container:Tuist/.build/tuist-derived/xctest-dynamic-overlay/xctest-dynamic-overlay.xcodeproj">
            </BuildableReference>
         </BuildActionEntry>
         <BuildActionEntry
            buildForTesting = "YES"
            buildForRunning = "YES"
            buildForProfiling = "YES"
            buildForArchiving = "YES"
            buildForAnalyzing = "YES">
            <BuildableReference
               BuildableIdentifier = "primary"
               BlueprintIdentifier = "80768BF23537BC72995D780E"
               BuildableName = "swift-crypto_Crypto.bundle"
               BlueprintName = "swift-crypto_Crypto"
               ReferencedContainer = "container:Tuist/.build/tuist-derived/swift-crypto/swift-crypto.xcodeproj">
            </BuildableReference>
         </BuildActionEntry>
      </BuildActionEntries>
   </BuildAction>
   <TestAction
      buildConfiguration = "Debug"
      selectedDebuggerIdentifier = "Xcode.DebuggerFoundation.Debugger.LLDB"
      selectedLauncherIdentifier = "Xcode.DebuggerFoundation.Launcher.LLDB"
      shouldUseLaunchSchemeArgsEnv = "YES">
      <Testables>
         <TestableReference
            skipped = "NO"
            parallelizable = "NO">
            <BuildableReference
               BuildableIdentifier = "primary"
               BlueprintIdentifier = "A029C78E8EAC2BFF9DDA8836"
               BuildableName = "FrankTests.xctest"
               BlueprintName = "FrankTests"
               ReferencedContainer = "container:Frank.xcodeproj">
            </BuildableReference>
         </TestableReference>
         <TestableReference
            skipped = "NO"
            parallelizable = "NO">
            <BuildableReference
               BuildableIdentifier = "primary"
               BlueprintIdentifier = "D502AAFB9584AF7ECCAFFED9"
               BuildableName = "FrankUITests.xctest"
               BlueprintName = "FrankUITests"
               ReferencedContainer = "container:Frank.xcodeproj">
            </BuildableReference>
         </TestableReference>
      </Testables>
   </TestAction>
   <LaunchAction
      buildConfiguration = "Debug"
      selectedDebuggerIdentifier = "Xcode.DebuggerFoundation.Debugger.LLDB"
      selectedLauncherIdentifier = "Xcode.DebuggerFoundation.Launcher.LLDB"
      launchStyle = "0"
      useCustomWorkingDirectory = "NO"
      ignoresPersistentStateOnLaunch = "NO"
      debugDocumentVersioning = "YES"
      debugServiceExtension = "internal"
      allowLocationSimulation = "YES">
      <MacroExpansion>
         <BuildableReference
            BuildableIdentifier = "primary"
            BlueprintIdentifier = "4D962F34F4D1674437DB86EA"
            BuildableName = "Auth.framework"
            BlueprintName = "Auth"
            ReferencedContainer = "container:Tuist/.build/tuist-derived/Supabase/Supabase.xcodeproj">
         </BuildableReference>
      </MacroExpansion>
   </LaunchAction>
   <ProfileAction
      buildConfiguration = "Release"
      shouldUseLaunchSchemeArgsEnv = "YES"
      savedToolIdentifier = ""
      useCustomWorkingDirectory = "NO"
      debugDocumentVersioning = "YES">
      <MacroExpansion>
         <BuildableReference
            BuildableIdentifier = "primary"
            BlueprintIdentifier = "4D962F34F4D1674437DB86EA"
            BuildableName = "Auth.framework"
            BlueprintName = "Auth"
            ReferencedContainer = "container:Tuist/.build/tuist-derived/Supabase/Supabase.xcodeproj">
         </BuildableReference>
      </MacroExpansion>
   </ProfileAction>
   <AnalyzeAction
      buildConfiguration = "Debug">
   </AnalyzeAction>
   <ArchiveAction
      buildConfiguration = "Release"
      revealArchiveInOrganizer = "YES">
   </ArchiveAction>
</Scheme>
